// !$*UTF8*$!
{
	archiveVersion = 1;
	classes = {
	};
	objectVersion = 46;
	objects = {

/* Begin PBXBuildFile section */
		1618D09A1E7EDCB200CD984C /* Render.framework in Frameworks */ = {isa = PBXBuildFile; fileRef = 1618D0991E7EDC9C00CD984C /* Render.framework */; };
		1618D09B1E7EDCB200CD984C /* Render.framework in Embed Frameworks */ = {isa = PBXBuildFile; fileRef = 1618D0991E7EDC9C00CD984C /* Render.framework */; settings = {ATTRIBUTES = (CodeSignOnCopy, RemoveHeadersOnCopy, ); }; };
		164C11791E5B31E900766914 /* AppDelegate.swift in Sources */ = {isa = PBXBuildFile; fileRef = 164C11781E5B31E900766914 /* AppDelegate.swift */; };
		164C117B1E5B31E900766914 /* Example2ViewController.swift in Sources */ = {isa = PBXBuildFile; fileRef = 164C117A1E5B31E900766914 /* Example2ViewController.swift */; };
		164C11801E5B31E900766914 /* Assets.xcassets in Resources */ = {isa = PBXBuildFile; fileRef = 164C117F1E5B31E900766914 /* Assets.xcassets */; };
		164C11831E5B31E900766914 /* LaunchScreen.storyboard in Resources */ = {isa = PBXBuildFile; fileRef = 164C11811E5B31E900766914 /* LaunchScreen.storyboard */; };
		164C11981E5C7E9D00766914 /* FooComponentView.swift in Sources */ = {isa = PBXBuildFile; fileRef = 164C11971E5C7E9D00766914 /* FooComponentView.swift */; };
		164C11A01E5C840D00766914 /* Random.swift in Sources */ = {isa = PBXBuildFile; fileRef = 164C119E1E5C840D00766914 /* Random.swift */; };
		164C11A11E5C840D00766914 /* Style.swift in Sources */ = {isa = PBXBuildFile; fileRef = 164C119F1E5C840D00766914 /* Style.swift */; };
		164C11A41E5DC86A00766914 /* NestedComponentView.swift in Sources */ = {isa = PBXBuildFile; fileRef = 164C11A31E5DC86A00766914 /* NestedComponentView.swift */; };
		164C11A61E5E2EBA00766914 /* IndexViewController.swift in Sources */ = {isa = PBXBuildFile; fileRef = 164C11A51E5E2EBA00766914 /* IndexViewController.swift */; };
		164C11AB1E5EC17B00766914 /* Example3ViewController.swift in Sources */ = {isa = PBXBuildFile; fileRef = 164C11AA1E5EC17B00766914 /* Example3ViewController.swift */; };
		164C11AE1E5EC29600766914 /* SharedFragments.swift in Sources */ = {isa = PBXBuildFile; fileRef = 164C11AD1E5EC29600766914 /* SharedFragments.swift */; };
		164C11B01E5EC3F400766914 /* ScrollableComponentView.swift in Sources */ = {isa = PBXBuildFile; fileRef = 164C11AF1E5EC3F400766914 /* ScrollableComponentView.swift */; };
		164C11B31E5ECEC000766914 /* Example1ViewController.swift in Sources */ = {isa = PBXBuildFile; fileRef = 164C11B21E5ECEC000766914 /* Example1ViewController.swift */; };
		164C11B51E5ECF0400766914 /* HelloWorldComponentView.swift in Sources */ = {isa = PBXBuildFile; fileRef = 164C11B41E5ECF0400766914 /* HelloWorldComponentView.swift */; };
		16C59F841E76FDCA00D9E297 /* Example5ViewController.swift in Sources */ = {isa = PBXBuildFile; fileRef = 16C59F831E76FDCA00D9E297 /* Example5ViewController.swift */; };
		16CAF70C1E6CAF0600565D60 /* Example4ViewController.swift in Sources */ = {isa = PBXBuildFile; fileRef = 16CAF70B1E6CAF0600565D60 /* Example4ViewController.swift */; };
/* End PBXBuildFile section */

/* Begin PBXContainerItemProxy section */
		1618D0981E7EDC9C00CD984C /* PBXContainerItemProxy */ = {
			isa = PBXContainerItemProxy;
			containerPortal = 1618D0941E7EDC9C00CD984C /* Render.xcodeproj */;
			proxyType = 2;
			remoteGlobalIDString = 164C11401E59ECB200766914;
			remoteInfo = Render;
		};
		1618D09C1E7EDCB200CD984C /* PBXContainerItemProxy */ = {
			isa = PBXContainerItemProxy;
			containerPortal = 1618D0941E7EDC9C00CD984C /* Render.xcodeproj */;
			proxyType = 1;
			remoteGlobalIDString = 164C113F1E59ECB100766914;
			remoteInfo = Render;
		};
/* End PBXContainerItemProxy section */

/* Begin PBXCopyFilesBuildPhase section */
		16A595BB1E632D460070C0B5 /* Embed Frameworks */ = {
			isa = PBXCopyFilesBuildPhase;
			buildActionMask = 2147483647;
			dstPath = "";
			dstSubfolderSpec = 10;
			files = (
				1618D09B1E7EDCB200CD984C /* Render.framework in Embed Frameworks */,
			);
			name = "Embed Frameworks";
			runOnlyForDeploymentPostprocessing = 0;
		};
/* End PBXCopyFilesBuildPhase section */

/* Begin PBXFileReference section */
		1618D0941E7EDC9C00CD984C /* Render.xcodeproj */ = {isa = PBXFileReference; lastKnownFileType = "wrapper.pb-project"; name = Render.xcodeproj; path = ../Render.xcodeproj; sourceTree = "<group>"; };
		164C11751E5B31E900766914 /* Demo.app */ = {isa = PBXFileReference; explicitFileType = wrapper.application; includeInIndex = 0; path = Demo.app; sourceTree = BUILT_PRODUCTS_DIR; };
		164C11781E5B31E900766914 /* AppDelegate.swift */ = {isa = PBXFileReference; lastKnownFileType = sourcecode.swift; path = AppDelegate.swift; sourceTree = "<group>"; };
		164C117A1E5B31E900766914 /* Example2ViewController.swift */ = {isa = PBXFileReference; lastKnownFileType = sourcecode.swift; path = Example2ViewController.swift; sourceTree = "<group>"; };
		164C117F1E5B31E900766914 /* Assets.xcassets */ = {isa = PBXFileReference; lastKnownFileType = folder.assetcatalog; path = Assets.xcassets; sourceTree = "<group>"; };
		164C11821E5B31E900766914 /* Base */ = {isa = PBXFileReference; lastKnownFileType = file.storyboard; name = Base; path = Base.lproj/LaunchScreen.storyboard; sourceTree = "<group>"; };
		164C11841E5B31E900766914 /* Info.plist */ = {isa = PBXFileReference; lastKnownFileType = text.plist.xml; path = Info.plist; sourceTree = "<group>"; };
		164C11971E5C7E9D00766914 /* FooComponentView.swift */ = {isa = PBXFileReference; fileEncoding = 4; lastKnownFileType = sourcecode.swift; path = FooComponentView.swift; sourceTree = "<group>"; };
		164C119E1E5C840D00766914 /* Random.swift */ = {isa = PBXFileReference; fileEncoding = 4; lastKnownFileType = sourcecode.swift; path = Random.swift; sourceTree = "<group>"; };
		164C119F1E5C840D00766914 /* Style.swift */ = {isa = PBXFileReference; fileEncoding = 4; lastKnownFileType = sourcecode.swift; path = Style.swift; sourceTree = "<group>"; };
		164C11A31E5DC86A00766914 /* NestedComponentView.swift */ = {isa = PBXFileReference; fileEncoding = 4; lastKnownFileType = sourcecode.swift; name = NestedComponentView.swift; path = Demo/NestedComponentView.swift; sourceTree = SOURCE_ROOT; };
		164C11A51E5E2EBA00766914 /* IndexViewController.swift */ = {isa = PBXFileReference; fileEncoding = 4; lastKnownFileType = sourcecode.swift; path = IndexViewController.swift; sourceTree = "<group>"; };
		164C11AA1E5EC17B00766914 /* Example3ViewController.swift */ = {isa = PBXFileReference; fileEncoding = 4; lastKnownFileType = sourcecode.swift; path = Example3ViewController.swift; sourceTree = "<group>"; };
		164C11AD1E5EC29600766914 /* SharedFragments.swift */ = {isa = PBXFileReference; fileEncoding = 4; lastKnownFileType = sourcecode.swift; path = SharedFragments.swift; sourceTree = "<group>"; };
		164C11AF1E5EC3F400766914 /* ScrollableComponentView.swift */ = {isa = PBXFileReference; fileEncoding = 4; lastKnownFileType = sourcecode.swift; path = ScrollableComponentView.swift; sourceTree = "<group>"; };
		164C11B21E5ECEC000766914 /* Example1ViewController.swift */ = {isa = PBXFileReference; fileEncoding = 4; lastKnownFileType = sourcecode.swift; path = Example1ViewController.swift; sourceTree = "<group>"; };
		164C11B41E5ECF0400766914 /* HelloWorldComponentView.swift */ = {isa = PBXFileReference; fileEncoding = 4; lastKnownFileType = sourcecode.swift; path = HelloWorldComponentView.swift; sourceTree = "<group>"; };
		16C59F831E76FDCA00D9E297 /* Example5ViewController.swift */ = {isa = PBXFileReference; fileEncoding = 4; lastKnownFileType = sourcecode.swift; path = Example5ViewController.swift; sourceTree = "<group>"; };
		16CAF70B1E6CAF0600565D60 /* Example4ViewController.swift */ = {isa = PBXFileReference; fileEncoding = 4; lastKnownFileType = sourcecode.swift; path = Example4ViewController.swift; sourceTree = "<group>"; };
/* End PBXFileReference section */

/* Begin PBXFrameworksBuildPhase section */
		164C11721E5B31E900766914 /* Frameworks */ = {
			isa = PBXFrameworksBuildPhase;
			buildActionMask = 2147483647;
			files = (
				1618D09A1E7EDCB200CD984C /* Render.framework in Frameworks */,
			);
			runOnlyForDeploymentPostprocessing = 0;
		};
/* End PBXFrameworksBuildPhase section */

/* Begin PBXGroup section */
		1618D0951E7EDC9C00CD984C /* Products */ = {
			isa = PBXGroup;
			children = (
				1618D0991E7EDC9C00CD984C /* Render.framework */,
			);
			name = Products;
			sourceTree = "<group>";
		};
		164C116C1E5B31E900766914 = {
			isa = PBXGroup;
			children = (
				1618D0941E7EDC9C00CD984C /* Render.xcodeproj */,
				164C11771E5B31E900766914 /* Demo */,
				164C11761E5B31E900766914 /* Products */,
			);
			sourceTree = "<group>";
		};
		164C11761E5B31E900766914 /* Products */ = {
			isa = PBXGroup;
			children = (
				164C11751E5B31E900766914 /* Demo.app */,
			);
			name = Products;
			sourceTree = "<group>";
		};
		164C11771E5B31E900766914 /* Demo */ = {
			isa = PBXGroup;
			children = (
				164C11B11E5ECEA400766914 /* example1 */,
				164C11A91E5E45F900766914 /* example2 */,
				164C11AC1E5EC19100766914 /* example3 */,
				16CAF7091E6CAE9A00565D60 /* example4 */,
				16C59F861E76FDCE00D9E297 /* example5 */,
				164C119D1E5C840D00766914 /* external */,
				164C11781E5B31E900766914 /* AppDelegate.swift */,
				164C117F1E5B31E900766914 /* Assets.xcassets */,
				164C11811E5B31E900766914 /* LaunchScreen.storyboard */,
				164C11841E5B31E900766914 /* Info.plist */,
				164C11A51E5E2EBA00766914 /* IndexViewController.swift */,
				164C11AD1E5EC29600766914 /* SharedFragments.swift */,
			);
			path = Demo;
			sourceTree = "<group>";
		};
		164C119D1E5C840D00766914 /* external */ = {
			isa = PBXGroup;
			children = (
				164C119E1E5C840D00766914 /* Random.swift */,
				164C119F1E5C840D00766914 /* Style.swift */,
			);
			path = external;
			sourceTree = "<group>";
		};
		164C11A91E5E45F900766914 /* example2 */ = {
			isa = PBXGroup;
			children = (
				164C117A1E5B31E900766914 /* Example2ViewController.swift */,
				164C11971E5C7E9D00766914 /* FooComponentView.swift */,
				164C11A31E5DC86A00766914 /* NestedComponentView.swift */,
			);
			name = example2;
			sourceTree = "<group>";
		};
		164C11AC1E5EC19100766914 /* example3 */ = {
			isa = PBXGroup;
			children = (
				164C11AA1E5EC17B00766914 /* Example3ViewController.swift */,
				164C11AF1E5EC3F400766914 /* ScrollableComponentView.swift */,
			);
			name = example3;
			sourceTree = "<group>";
		};
		164C11B11E5ECEA400766914 /* example1 */ = {
			isa = PBXGroup;
			children = (
				164C11B21E5ECEC000766914 /* Example1ViewController.swift */,
				164C11B41E5ECF0400766914 /* HelloWorldComponentView.swift */,
			);
			name = example1;
			sourceTree = "<group>";
		};
		16C59F861E76FDCE00D9E297 /* example5 */ = {
			isa = PBXGroup;
			children = (
				16C59F831E76FDCA00D9E297 /* Example5ViewController.swift */,
			);
			name = example5;
			sourceTree = "<group>";
		};
		16CAF7091E6CAE9A00565D60 /* example4 */ = {
			isa = PBXGroup;
			children = (
				16CAF70B1E6CAF0600565D60 /* Example4ViewController.swift */,
			);
			name = example4;
			sourceTree = "<group>";
		};
/* End PBXGroup section */

/* Begin PBXNativeTarget section */
		164C11741E5B31E900766914 /* Demo */ = {
			isa = PBXNativeTarget;
			buildConfigurationList = 164C11871E5B31E900766914 /* Build configuration list for PBXNativeTarget "Demo" */;
			buildPhases = (
				164C11711E5B31E900766914 /* Sources */,
				164C11721E5B31E900766914 /* Frameworks */,
				164C11731E5B31E900766914 /* Resources */,
				16A595BB1E632D460070C0B5 /* Embed Frameworks */,
			);
			buildRules = (
			);
			dependencies = (
				1618D09D1E7EDCB200CD984C /* PBXTargetDependency */,
			);
			name = Demo;
			productName = Demo;
			productReference = 164C11751E5B31E900766914 /* Demo.app */;
			productType = "com.apple.product-type.application";
		};
/* End PBXNativeTarget section */

/* Begin PBXProject section */
		164C116D1E5B31E900766914 /* Project object */ = {
			isa = PBXProject;
			attributes = {
				LastSwiftUpdateCheck = 0820;
				LastUpgradeCheck = 0820;
				ORGANIZATIONNAME = "Alex Usbergo";
				TargetAttributes = {
					164C11741E5B31E900766914 = {
						CreatedOnToolsVersion = 8.2.1;
						ProvisioningStyle = Automatic;
					};
				};
			};
			buildConfigurationList = 164C11701E5B31E900766914 /* Build configuration list for PBXProject "Demo" */;
			compatibilityVersion = "Xcode 3.2";
			developmentRegion = English;
			hasScannedForEncodings = 0;
			knownRegions = (
				en,
				Base,
			);
			mainGroup = 164C116C1E5B31E900766914;
			productRefGroup = 164C11761E5B31E900766914 /* Products */;
			projectDirPath = "";
			projectReferences = (
				{
					ProductGroup = 1618D0951E7EDC9C00CD984C /* Products */;
					ProjectRef = 1618D0941E7EDC9C00CD984C /* Render.xcodeproj */;
				},
			);
			projectRoot = "";
			targets = (
				164C11741E5B31E900766914 /* Demo */,
			);
		};
/* End PBXProject section */

/* Begin PBXReferenceProxy section */
		1618D0991E7EDC9C00CD984C /* Render.framework */ = {
			isa = PBXReferenceProxy;
			fileType = wrapper.framework;
			path = Render.framework;
			remoteRef = 1618D0981E7EDC9C00CD984C /* PBXContainerItemProxy */;
			sourceTree = BUILT_PRODUCTS_DIR;
		};
/* End PBXReferenceProxy section */

/* Begin PBXResourcesBuildPhase section */
		164C11731E5B31E900766914 /* Resources */ = {
			isa = PBXResourcesBuildPhase;
			buildActionMask = 2147483647;
			files = (
				164C11831E5B31E900766914 /* LaunchScreen.storyboard in Resources */,
				164C11801E5B31E900766914 /* Assets.xcassets in Resources */,
			);
			runOnlyForDeploymentPostprocessing = 0;
		};
/* End PBXResourcesBuildPhase section */

/* Begin PBXSourcesBuildPhase section */
		164C11711E5B31E900766914 /* Sources */ = {
			isa = PBXSourcesBuildPhase;
			buildActionMask = 2147483647;
			files = (
				164C11B31E5ECEC000766914 /* Example1ViewController.swift in Sources */,
				16C59F841E76FDCA00D9E297 /* Example5ViewController.swift in Sources */,
				164C11AB1E5EC17B00766914 /* Example3ViewController.swift in Sources */,
				164C11981E5C7E9D00766914 /* FooComponentView.swift in Sources */,
				164C11A01E5C840D00766914 /* Random.swift in Sources */,
				164C11AE1E5EC29600766914 /* SharedFragments.swift in Sources */,
				164C11A41E5DC86A00766914 /* NestedComponentView.swift in Sources */,
				16CAF70C1E6CAF0600565D60 /* Example4ViewController.swift in Sources */,
				164C11B51E5ECF0400766914 /* HelloWorldComponentView.swift in Sources */,
				164C117B1E5B31E900766914 /* Example2ViewController.swift in Sources */,
				164C11791E5B31E900766914 /* AppDelegate.swift in Sources */,
				164C11A61E5E2EBA00766914 /* IndexViewController.swift in Sources */,
				164C11A11E5C840D00766914 /* Style.swift in Sources */,
				164C11B01E5EC3F400766914 /* ScrollableComponentView.swift in Sources */,
			);
			runOnlyForDeploymentPostprocessing = 0;
		};
/* End PBXSourcesBuildPhase section */

/* Begin PBXTargetDependency section */
		1618D09D1E7EDCB200CD984C /* PBXTargetDependency */ = {
			isa = PBXTargetDependency;
			name = Render;
			targetProxy = 1618D09C1E7EDCB200CD984C /* PBXContainerItemProxy */;
		};
/* End PBXTargetDependency section */

/* Begin PBXVariantGroup section */
		164C11811E5B31E900766914 /* LaunchScreen.storyboard */ = {
			isa = PBXVariantGroup;
			children = (
				164C11821E5B31E900766914 /* Base */,
			);
			name = LaunchScreen.storyboard;
			sourceTree = "<group>";
		};
/* End PBXVariantGroup section */

/* Begin XCBuildConfiguration section */
		164C11851E5B31E900766914 /* Debug */ = {
			isa = XCBuildConfiguration;
			buildSettings = {
				ALWAYS_SEARCH_USER_PATHS = NO;
				CLANG_ANALYZER_NONNULL = YES;
				CLANG_CXX_LANGUAGE_STANDARD = "gnu++0x";
				CLANG_CXX_LIBRARY = "libc++";
				CLANG_ENABLE_MODULES = YES;
				CLANG_ENABLE_OBJC_ARC = YES;
				CLANG_WARN_BOOL_CONVERSION = YES;
				CLANG_WARN_CONSTANT_CONVERSION = YES;
				CLANG_WARN_DIRECT_OBJC_ISA_USAGE = YES_ERROR;
				CLANG_WARN_DOCUMENTATION_COMMENTS = YES;
				CLANG_WARN_EMPTY_BODY = YES;
				CLANG_WARN_ENUM_CONVERSION = YES;
				CLANG_WARN_INFINITE_RECURSION = YES;
				CLANG_WARN_INT_CONVERSION = YES;
				CLANG_WARN_OBJC_ROOT_CLASS = YES_ERROR;
				CLANG_WARN_SUSPICIOUS_MOVE = YES;
				CLANG_WARN_UNREACHABLE_CODE = YES;
				CLANG_WARN__DUPLICATE_METHOD_MATCH = YES;
				"CODE_SIGN_IDENTITY[sdk=iphoneos*]" = "iPhone Developer";
				COPY_PHASE_STRIP = NO;
				DEBUG_INFORMATION_FORMAT = dwarf;
				ENABLE_STRICT_OBJC_MSGSEND = YES;
				ENABLE_TESTABILITY = YES;
				GCC_C_LANGUAGE_STANDARD = gnu99;
				GCC_DYNAMIC_NO_PIC = NO;
				GCC_NO_COMMON_BLOCKS = YES;
				GCC_OPTIMIZATION_LEVEL = 0;
				GCC_PREPROCESSOR_DEFINITIONS = (
					"DEBUG=1",
					"$(inherited)",
				);
				GCC_WARN_64_TO_32_BIT_CONVERSION = YES;
				GCC_WARN_ABOUT_RETURN_TYPE = YES_ERROR;
				GCC_WARN_UNDECLARED_SELECTOR = YES;
				GCC_WARN_UNINITIALIZED_AUTOS = YES_AGGRESSIVE;
				GCC_WARN_UNUSED_FUNCTION = YES;
				GCC_WARN_UNUSED_VARIABLE = YES;
				IPHONEOS_DEPLOYMENT_TARGET = 10.2;
				MTL_ENABLE_DEBUG_INFO = YES;
				ONLY_ACTIVE_ARCH = YES;
				SDKROOT = iphoneos;
				SWIFT_ACTIVE_COMPILATION_CONDITIONS = DEBUG;
				SWIFT_OPTIMIZATION_LEVEL = "-Onone";
				TARGETED_DEVICE_FAMILY = "1,2";
			};
			name = Debug;
		};
		164C11861E5B31E900766914 /* Release */ = {
			isa = XCBuildConfiguration;
			buildSettings = {
				ALWAYS_SEARCH_USER_PATHS = NO;
				CLANG_ANALYZER_NONNULL = YES;
				CLANG_CXX_LANGUAGE_STANDARD = "gnu++0x";
				CLANG_CXX_LIBRARY = "libc++";
				CLANG_ENABLE_MODULES = YES;
				CLANG_ENABLE_OBJC_ARC = YES;
				CLANG_WARN_BOOL_CONVERSION = YES;
				CLANG_WARN_CONSTANT_CONVERSION = YES;
				CLANG_WARN_DIRECT_OBJC_ISA_USAGE = YES_ERROR;
				CLANG_WARN_DOCUMENTATION_COMMENTS = YES;
				CLANG_WARN_EMPTY_BODY = YES;
				CLANG_WARN_ENUM_CONVERSION = YES;
				CLANG_WARN_INFINITE_RECURSION = YES;
				CLANG_WARN_INT_CONVERSION = YES;
				CLANG_WARN_OBJC_ROOT_CLASS = YES_ERROR;
				CLANG_WARN_SUSPICIOUS_MOVE = YES;
				CLANG_WARN_UNREACHABLE_CODE = YES;
				CLANG_WARN__DUPLICATE_METHOD_MATCH = YES;
				"CODE_SIGN_IDENTITY[sdk=iphoneos*]" = "iPhone Developer";
				COPY_PHASE_STRIP = NO;
				DEBUG_INFORMATION_FORMAT = "dwarf-with-dsym";
				ENABLE_NS_ASSERTIONS = NO;
				ENABLE_STRICT_OBJC_MSGSEND = YES;
				GCC_C_LANGUAGE_STANDARD = gnu99;
				GCC_NO_COMMON_BLOCKS = YES;
				GCC_WARN_64_TO_32_BIT_CONVERSION = YES;
				GCC_WARN_ABOUT_RETURN_TYPE = YES_ERROR;
				GCC_WARN_UNDECLARED_SELECTOR = YES;
				GCC_WARN_UNINITIALIZED_AUTOS = YES_AGGRESSIVE;
				GCC_WARN_UNUSED_FUNCTION = YES;
				GCC_WARN_UNUSED_VARIABLE = YES;
				IPHONEOS_DEPLOYMENT_TARGET = 10.2;
				MTL_ENABLE_DEBUG_INFO = NO;
				SDKROOT = iphoneos;
				SWIFT_OPTIMIZATION_LEVEL = "-Owholemodule";
				TARGETED_DEVICE_FAMILY = "1,2";
				VALIDATE_PRODUCT = YES;
			};
			name = Release;
		};
		164C11881E5B31E900766914 /* Debug */ = {
			isa = XCBuildConfiguration;
			buildSettings = {
				ALWAYS_EMBED_SWIFT_STANDARD_LIBRARIES = YES;
				ASSETCATALOG_COMPILER_APPICON_NAME = AppIcon;
				FRAMEWORK_SEARCH_PATHS = (
					"$(inherited)",
					"$(PROJECT_DIR)/Demo",
				);
				INFOPLIST_FILE = Demo/Info.plist;
				LD_RUNPATH_SEARCH_PATHS = "$(inherited) @executable_path/Frameworks";
				PRODUCT_BUNDLE_IDENTIFIER = com.alexdrone.Demo;
				PRODUCT_NAME = "$(TARGET_NAME)";
				SWIFT_VERSION = 3.0;
			};
			name = Debug;
		};
		164C11891E5B31E900766914 /* Release */ = {
			isa = XCBuildConfiguration;
			buildSettings = {
				ALWAYS_EMBED_SWIFT_STANDARD_LIBRARIES = YES;
				ASSETCATALOG_COMPILER_APPICON_NAME = AppIcon;
				FRAMEWORK_SEARCH_PATHS = (
					"$(inherited)",
					"$(PROJECT_DIR)/Demo",
				);
				INFOPLIST_FILE = Demo/Info.plist;
				LD_RUNPATH_SEARCH_PATHS = "$(inherited) @executable_path/Frameworks";
				PRODUCT_BUNDLE_IDENTIFIER = com.alexdrone.Demo;
				PRODUCT_NAME = "$(TARGET_NAME)";
				SWIFT_VERSION = 3.0;
			};
			name = Release;
		};
/* End XCBuildConfiguration section */

/* Begin XCConfigurationList section */
		164C11701E5B31E900766914 /* Build configuration list for PBXProject "Demo" */ = {
			isa = XCConfigurationList;
			buildConfigurations = (
				164C11851E5B31E900766914 /* Debug */,
				164C11861E5B31E900766914 /* Release */,
			);
			defaultConfigurationIsVisible = 0;
			defaultConfigurationName = Release;
		};
		164C11871E5B31E900766914 /* Build configuration list for PBXNativeTarget "Demo" */ = {
			isa = XCConfigurationList;
			buildConfigurations = (
				164C11881E5B31E900766914 /* Debug */,
				164C11891E5B31E900766914 /* Release */,
			);
			defaultConfigurationIsVisible = 0;
			defaultConfigurationName = Release;
		};
/* End XCConfigurationList section */
	};
	rootObject = 164C116D1E5B31E900766914 /* Project object */;
}
