// !$*UTF8*$!
{
	archiveVersion = 1;
	classes = {
	};
	objectVersion = 46;
	objects = {

/* Begin PBXBuildFile section */
		16253DD520C9A7F400E34D51 /* BackwardsCompatibility.swift in Sources */ = {isa = PBXBuildFile; fileRef = 16253DD420C9A7F400E34D51 /* BackwardsCompatibility.swift */; };
		BF_100451147478 /* YamlBridge.swift in Sources */ = {isa = PBXBuildFile; fileRef = FR_311136529580 /* YamlBridge.swift */; };
		BF_111358888711 /* YGPercentLayout.h in Headers */ = {isa = PBXBuildFile; fileRef = FR_584536161622 /* YGPercentLayout.h */; settings = {ATTRIBUTES = (Public, ); }; };
		BF_114241843021 /* NavigationBar.swift in Sources */ = {isa = PBXBuildFile; fileRef = FR_341471119220 /* NavigationBar.swift */; };
		BF_119195089178 /* RenderNeutrino.framework in Frameworks */ = {isa = PBXBuildFile; fileRef = FR_699701780932 /* RenderNeutrino.framework */; };
		BF_130318008309 /* UIView+Yoga.h in Headers */ = {isa = PBXBuildFile; fileRef = FR_594577632133 /* UIView+Yoga.h */; settings = {ATTRIBUTES = (Public, ); }; };
		BF_145689485922 /* RenderNeutrino-Swift.h in Headers */ = {isa = PBXBuildFile; fileRef = FR_155113108316 /* RenderNeutrino-Swift.h */; settings = {ATTRIBUTES = (Public, ); }; };
		BF_159706317339 /* KeyPath.swift in Sources */ = {isa = PBXBuildFile; fileRef = FR_108333899125 /* KeyPath.swift */; };
		BF_162887300272 /* Context.swift in Sources */ = {isa = PBXBuildFile; fileRef = FR_285540450273 /* Context.swift */; };
		BF_209873044719 /* State.swift in Sources */ = {isa = PBXBuildFile; fileRef = FR_874814771617 /* State.swift */; };
		BF_222288255420 /* ViewController.swift in Sources */ = {isa = PBXBuildFile; fileRef = FR_186172487891 /* ViewController.swift */; };
		BF_224222219659 /* YGEnums.c in Sources */ = {isa = PBXBuildFile; fileRef = FR_286350938122 /* YGEnums.c */; };
		BF_238024258331 /* YGNodeList.h in Headers */ = {isa = PBXBuildFile; fileRef = FR_312648333735 /* YGNodeList.h */; settings = {ATTRIBUTES = (Public, ); }; };
		BF_247698479793 /* Style.swift in Sources */ = {isa = PBXBuildFile; fileRef = FR_501683707958 /* Style.swift */; };
		BF_275243427582 /* StylesheetTests.swift in Sources */ = {isa = PBXBuildFile; fileRef = FR_631122443326 /* StylesheetTests.swift */; };
		BF_316424153843 /* YGLayout+Private.h in Headers */ = {isa = PBXBuildFile; fileRef = FR_158534509235 /* YGLayout+Private.h */; settings = {ATTRIBUTES = (Public, ); }; };
		BF_336715254161 /* Props.swift in Sources */ = {isa = PBXBuildFile; fileRef = FR_531199305419 /* Props.swift */; };
		BF_353444801228 /* yaml.c in Sources */ = {isa = PBXBuildFile; fileRef = FR_659407974422 /* yaml.c */; };
		BF_354030057635 /* Geometry.swift in Sources */ = {isa = PBXBuildFile; fileRef = FR_946778183720 /* Geometry.swift */; };
		BF_363282377240 /* Inspector.swift in Sources */ = {isa = PBXBuildFile; fileRef = FR_356489276377 /* Inspector.swift */; };
		BF_398648952227 /* IGListCollectionViewLayout.mm in Sources */ = {isa = PBXBuildFile; fileRef = FR_473753437359 /* IGListCollectionViewLayout.mm */; };
		BF_458110232153 /* Node.swift in Sources */ = {isa = PBXBuildFile; fileRef = FR_655237554988 /* Node.swift */; };
		BF_462836686627 /* IGListCollectionViewLayout.h in Headers */ = {isa = PBXBuildFile; fileRef = FR_281829024519 /* IGListCollectionViewLayout.h */; settings = {ATTRIBUTES = (Public, ); }; };
		BF_534565881787 /* YGMacros.h in Headers */ = {isa = PBXBuildFile; fileRef = FR_375489759311 /* YGMacros.h */; settings = {ATTRIBUTES = (Public, ); }; };
		BF_535091931511 /* Debug.swift in Sources */ = {isa = PBXBuildFile; fileRef = FR_498284467303 /* Debug.swift */; };
		BF_555278485876 /* RenderNeutrino.h in Headers */ = {isa = PBXBuildFile; fileRef = FR_621473682166 /* RenderNeutrino.h */; settings = {ATTRIBUTES = (Public, ); }; };
		BF_557116620637 /* TableViewController.swift in Sources */ = {isa = PBXBuildFile; fileRef = FR_407264690487 /* TableViewController.swift */; };
		BF_578438420187 /* ContextTests.swift in Sources */ = {isa = PBXBuildFile; fileRef = FR_371490353764 /* ContextTests.swift */; };
		BF_579381017942 /* Yoga.h in Headers */ = {isa = PBXBuildFile; fileRef = FR_275342356738 /* Yoga.h */; settings = {ATTRIBUTES = (Public, ); }; };
		BF_594884445968 /* YGPercentLayout.m in Sources */ = {isa = PBXBuildFile; fileRef = "FR_584536161622-1" /* YGPercentLayout.m */; };
		BF_600094276189 /* UIView+Yoga.m in Sources */ = {isa = PBXBuildFile; fileRef = FR_594577630522 /* UIView+Yoga.m */; };
		BF_606331023895 /* ViewControllerTransitions.swift in Sources */ = {isa = PBXBuildFile; fileRef = FR_578786004173 /* ViewControllerTransitions.swift */; };
		BF_669968029346 /* YGLayout.h in Headers */ = {isa = PBXBuildFile; fileRef = FR_873857240235 /* YGLayout.h */; settings = {ATTRIBUTES = (Public, ); }; };
		BF_676515190407 /* YGExtensions.swift in Sources */ = {isa = PBXBuildFile; fileRef = FR_863461519028 /* YGExtensions.swift */; };
		BF_678875975098 /* YGLayout.m in Sources */ = {isa = PBXBuildFile; fileRef = FR_873857240571 /* YGLayout.m */; };
		BF_681104294119 /* yaml.h in Headers */ = {isa = PBXBuildFile; fileRef = "FR_659407974422-1" /* yaml.h */; settings = {ATTRIBUTES = (Public, ); }; };
		BF_703901964368 /* YGEnums.h in Headers */ = {isa = PBXBuildFile; fileRef = FR_286350938182 /* YGEnums.h */; settings = {ATTRIBUTES = (Public, ); }; };
		BF_775078644649 /* YGNodeList.c in Sources */ = {isa = PBXBuildFile; fileRef = FR_312648333574 /* YGNodeList.c */; };
		BF_784257326017 /* Expression.swift in Sources */ = {isa = PBXBuildFile; fileRef = FR_988310230839 /* Expression.swift */; };
		BF_785158064595 /* Component.swift in Sources */ = {isa = PBXBuildFile; fileRef = FR_496796634774 /* Component.swift */; };
		BF_796310614563 /* Stylesheet.swift in Sources */ = {isa = PBXBuildFile; fileRef = FR_252848279705 /* Stylesheet.swift */; };
		BF_893319261635 /* BaseViewController.swift in Sources */ = {isa = PBXBuildFile; fileRef = FR_710837021641 /* BaseViewController.swift */; };
		BF_911657265203 /* Yoga.c in Sources */ = {isa = PBXBuildFile; fileRef = FR_275342356736 /* Yoga.c */; };
		BF_912369804507 /* ComponentTests.swift in Sources */ = {isa = PBXBuildFile; fileRef = FR_774097088223 /* ComponentTests.swift */; };
		BF_974309380853 /* NodeTests.swift in Sources */ = {isa = PBXBuildFile; fileRef = FR_841066933869 /* NodeTests.swift */; };
/* End PBXBuildFile section */

/* Begin PBXContainerItemProxy section */
		CIP_47994500323 /* PBXContainerItemProxy */ = {
			isa = PBXContainerItemProxy;
			containerPortal = P_4791989297774 /* Project object */;
			proxyType = 1;
			remoteGlobalIDString = NT_699701780932;
			remoteInfo = RenderNeutrino;
		};
/* End PBXContainerItemProxy section */

/* Begin PBXFileReference section */
		16253DD420C9A7F400E34D51 /* BackwardsCompatibility.swift */ = {isa = PBXFileReference; lastKnownFileType = sourcecode.swift; path = BackwardsCompatibility.swift; sourceTree = "<group>"; };
		FR_108333899125 /* KeyPath.swift */ = {isa = PBXFileReference; lastKnownFileType = sourcecode.swift; path = KeyPath.swift; sourceTree = "<group>"; };
		FR_155113108316 /* RenderNeutrino-Swift.h */ = {isa = PBXFileReference; lastKnownFileType = sourcecode.c.h; path = "RenderNeutrino-Swift.h"; sourceTree = "<group>"; };
		FR_158534509235 /* YGLayout+Private.h */ = {isa = PBXFileReference; lastKnownFileType = sourcecode.c.h; path = "YGLayout+Private.h"; sourceTree = "<group>"; };
		FR_186172487891 /* ViewController.swift */ = {isa = PBXFileReference; lastKnownFileType = sourcecode.swift; path = ViewController.swift; sourceTree = "<group>"; };
		FR_252848279705 /* Stylesheet.swift */ = {isa = PBXFileReference; lastKnownFileType = sourcecode.swift; path = Stylesheet.swift; sourceTree = "<group>"; };
		FR_275342356736 /* Yoga.c */ = {isa = PBXFileReference; lastKnownFileType = sourcecode.c.c; path = Yoga.c; sourceTree = "<group>"; };
		FR_275342356738 /* Yoga.h */ = {isa = PBXFileReference; lastKnownFileType = sourcecode.c.h; path = Yoga.h; sourceTree = "<group>"; };
		FR_281829024519 /* IGListCollectionViewLayout.h */ = {isa = PBXFileReference; lastKnownFileType = sourcecode.c.h; path = IGListCollectionViewLayout.h; sourceTree = "<group>"; };
		FR_285540450273 /* Context.swift */ = {isa = PBXFileReference; lastKnownFileType = sourcecode.swift; path = Context.swift; sourceTree = "<group>"; };
		FR_286350938122 /* YGEnums.c */ = {isa = PBXFileReference; lastKnownFileType = sourcecode.c.c; path = YGEnums.c; sourceTree = "<group>"; };
		FR_286350938182 /* YGEnums.h */ = {isa = PBXFileReference; lastKnownFileType = sourcecode.c.h; path = YGEnums.h; sourceTree = "<group>"; };
		FR_311136529580 /* YamlBridge.swift */ = {isa = PBXFileReference; lastKnownFileType = sourcecode.swift; path = YamlBridge.swift; sourceTree = "<group>"; };
		FR_312648333574 /* YGNodeList.c */ = {isa = PBXFileReference; lastKnownFileType = sourcecode.c.c; path = YGNodeList.c; sourceTree = "<group>"; };
		FR_312648333735 /* YGNodeList.h */ = {isa = PBXFileReference; lastKnownFileType = sourcecode.c.h; path = YGNodeList.h; sourceTree = "<group>"; };
		FR_341471119220 /* NavigationBar.swift */ = {isa = PBXFileReference; lastKnownFileType = sourcecode.swift; path = NavigationBar.swift; sourceTree = "<group>"; };
		FR_356489276377 /* Inspector.swift */ = {isa = PBXFileReference; lastKnownFileType = sourcecode.swift; path = Inspector.swift; sourceTree = "<group>"; };
		FR_371490353764 /* ContextTests.swift */ = {isa = PBXFileReference; lastKnownFileType = sourcecode.swift; path = ContextTests.swift; sourceTree = "<group>"; };
		FR_375489759311 /* YGMacros.h */ = {isa = PBXFileReference; lastKnownFileType = sourcecode.c.h; path = YGMacros.h; sourceTree = "<group>"; };
		FR_407264690487 /* TableViewController.swift */ = {isa = PBXFileReference; lastKnownFileType = sourcecode.swift; path = TableViewController.swift; sourceTree = "<group>"; };
		FR_473753437359 /* IGListCollectionViewLayout.mm */ = {isa = PBXFileReference; lastKnownFileType = sourcecode.cpp.objcpp; path = IGListCollectionViewLayout.mm; sourceTree = "<group>"; };
		FR_479945003232 /* Test.xctest */ = {isa = PBXFileReference; includeInIndex = 0; lastKnownFileType = wrapper.cfbundle; path = Test.xctest; sourceTree = BUILT_PRODUCTS_DIR; };
		FR_493811752375 /* Info.plist */ = {isa = PBXFileReference; lastKnownFileType = text.plist.xml; path = Info.plist; sourceTree = "<group>"; };
		FR_496796634774 /* Component.swift */ = {isa = PBXFileReference; lastKnownFileType = sourcecode.swift; path = Component.swift; sourceTree = "<group>"; };
		FR_498284467303 /* Debug.swift */ = {isa = PBXFileReference; lastKnownFileType = sourcecode.swift; path = Debug.swift; sourceTree = "<group>"; };
		FR_501683707958 /* Style.swift */ = {isa = PBXFileReference; lastKnownFileType = sourcecode.swift; path = Style.swift; sourceTree = "<group>"; };
		FR_525521535926 /* Info.plist */ = {isa = PBXFileReference; lastKnownFileType = text.plist.xml; path = Info.plist; sourceTree = "<group>"; };
		FR_531199305419 /* Props.swift */ = {isa = PBXFileReference; lastKnownFileType = sourcecode.swift; path = Props.swift; sourceTree = "<group>"; };
		FR_578786004173 /* ViewControllerTransitions.swift */ = {isa = PBXFileReference; lastKnownFileType = sourcecode.swift; path = ViewControllerTransitions.swift; sourceTree = "<group>"; };
		FR_584536161622 /* YGPercentLayout.h */ = {isa = PBXFileReference; lastKnownFileType = sourcecode.c.h; path = YGPercentLayout.h; sourceTree = "<group>"; };
		"FR_584536161622-1" /* YGPercentLayout.m */ = {isa = PBXFileReference; lastKnownFileType = sourcecode.c.objc; path = YGPercentLayout.m; sourceTree = "<group>"; };
		FR_594577630522 /* UIView+Yoga.m */ = {isa = PBXFileReference; lastKnownFileType = sourcecode.c.objc; path = "UIView+Yoga.m"; sourceTree = "<group>"; };
		FR_594577632133 /* UIView+Yoga.h */ = {isa = PBXFileReference; lastKnownFileType = sourcecode.c.h; path = "UIView+Yoga.h"; sourceTree = "<group>"; };
		FR_621473682166 /* RenderNeutrino.h */ = {isa = PBXFileReference; lastKnownFileType = sourcecode.c.h; path = RenderNeutrino.h; sourceTree = "<group>"; };
		FR_631122443326 /* StylesheetTests.swift */ = {isa = PBXFileReference; lastKnownFileType = sourcecode.swift; path = StylesheetTests.swift; sourceTree = "<group>"; };
		FR_655237554988 /* Node.swift */ = {isa = PBXFileReference; lastKnownFileType = sourcecode.swift; path = Node.swift; sourceTree = "<group>"; };
		FR_659407974422 /* yaml.c */ = {isa = PBXFileReference; lastKnownFileType = sourcecode.c.c; path = yaml.c; sourceTree = "<group>"; };
		"FR_659407974422-1" /* yaml.h */ = {isa = PBXFileReference; lastKnownFileType = sourcecode.c.h; path = yaml.h; sourceTree = "<group>"; };
		FR_699701780932 /* RenderNeutrino.framework */ = {isa = PBXFileReference; explicitFileType = wrapper.framework; includeInIndex = 0; path = RenderNeutrino.framework; sourceTree = BUILT_PRODUCTS_DIR; };
		FR_710837021641 /* BaseViewController.swift */ = {isa = PBXFileReference; lastKnownFileType = sourcecode.swift; path = BaseViewController.swift; sourceTree = "<group>"; };
		FR_774097088223 /* ComponentTests.swift */ = {isa = PBXFileReference; lastKnownFileType = sourcecode.swift; path = ComponentTests.swift; sourceTree = "<group>"; };
		FR_841066933869 /* NodeTests.swift */ = {isa = PBXFileReference; lastKnownFileType = sourcecode.swift; path = NodeTests.swift; sourceTree = "<group>"; };
		FR_863461519028 /* YGExtensions.swift */ = {isa = PBXFileReference; lastKnownFileType = sourcecode.swift; path = YGExtensions.swift; sourceTree = "<group>"; };
		FR_873857240235 /* YGLayout.h */ = {isa = PBXFileReference; lastKnownFileType = sourcecode.c.h; path = YGLayout.h; sourceTree = "<group>"; };
		FR_873857240571 /* YGLayout.m */ = {isa = PBXFileReference; lastKnownFileType = sourcecode.c.objc; path = YGLayout.m; sourceTree = "<group>"; };
		FR_874814771617 /* State.swift */ = {isa = PBXFileReference; lastKnownFileType = sourcecode.swift; path = State.swift; sourceTree = "<group>"; };
		FR_946778183720 /* Geometry.swift */ = {isa = PBXFileReference; lastKnownFileType = sourcecode.swift; path = Geometry.swift; sourceTree = "<group>"; };
		FR_988310230839 /* Expression.swift */ = {isa = PBXFileReference; lastKnownFileType = sourcecode.swift; path = Expression.swift; sourceTree = "<group>"; };
/* End PBXFileReference section */

/* Begin PBXFrameworksBuildPhase section */
		FBP_47994500323 /* Frameworks */ = {
			isa = PBXFrameworksBuildPhase;
			buildActionMask = 2147483647;
			files = (
				BF_119195089178 /* RenderNeutrino.framework in Frameworks */,
			);
			runOnlyForDeploymentPostprocessing = 0;
		};
/* End PBXFrameworksBuildPhase section */

/* Begin PBXGroup section */
		G_2687457354425 /* inspector */ = {
			isa = PBXGroup;
			children = (
				G_2812248129013 /* src */,
			);
			path = inspector;
			sourceTree = "<group>";
		};
		G_2812248129013 /* src */ = {
			isa = PBXGroup;
			children = (
				FR_356489276377 /* Inspector.swift */,
			);
			path = src;
			sourceTree = "<group>";
		};
		G_3155357954712 /* vcs */ = {
			isa = PBXGroup;
			children = (
				FR_710837021641 /* BaseViewController.swift */,
				FR_341471119220 /* NavigationBar.swift */,
				FR_407264690487 /* TableViewController.swift */,
				FR_186172487891 /* ViewController.swift */,
				FR_578786004173 /* ViewControllerTransitions.swift */,
			);
			path = vcs;
			sourceTree = "<group>";
		};
		G_4105162032161 /* src */ = {
			isa = PBXGroup;
			children = (
				G_3155357954712 /* vcs */,
				FR_496796634774 /* Component.swift */,
				FR_285540450273 /* Context.swift */,
				FR_498284467303 /* Debug.swift */,
				FR_946778183720 /* Geometry.swift */,
				FR_108333899125 /* KeyPath.swift */,
				FR_655237554988 /* Node.swift */,
				FR_531199305419 /* Props.swift */,
				FR_874814771617 /* State.swift */,
				FR_501683707958 /* Style.swift */,
			);
			path = src;
			sourceTree = "<group>";
		};
		G_4799450093349 /* test */ = {
			isa = PBXGroup;
			children = (
				FR_774097088223 /* ComponentTests.swift */,
				FR_371490353764 /* ContextTests.swift */,
				FR_493811752375 /* Info.plist */,
				FR_841066933869 /* NodeTests.swift */,
				FR_631122443326 /* StylesheetTests.swift */,
			);
			path = test;
			sourceTree = "<group>";
		};
		G_4807831269895 /* render */ = {
			isa = PBXGroup;
			children = (
				G_7194763453892 /* deps */,
				G_7194754941508 /* mods */,
				G_4105162032161 /* src */,
				FR_525521535926 /* Info.plist */,
				FR_155113108316 /* RenderNeutrino-Swift.h */,
				FR_621473682166 /* RenderNeutrino.h */,
			);
			path = render;
			sourceTree = "<group>";
		};
		G_6893859073568 /* yoga */ = {
			isa = PBXGroup;
			children = (
				FR_281829024519 /* IGListCollectionViewLayout.h */,
				FR_473753437359 /* IGListCollectionViewLayout.mm */,
				FR_594577632133 /* UIView+Yoga.h */,
				FR_594577630522 /* UIView+Yoga.m */,
				FR_286350938122 /* YGEnums.c */,
				FR_286350938182 /* YGEnums.h */,
				FR_863461519028 /* YGExtensions.swift */,
				FR_158534509235 /* YGLayout+Private.h */,
				FR_873857240235 /* YGLayout.h */,
				FR_873857240571 /* YGLayout.m */,
				FR_375489759311 /* YGMacros.h */,
				FR_312648333574 /* YGNodeList.c */,
				FR_312648333735 /* YGNodeList.h */,
				FR_584536161622 /* YGPercentLayout.h */,
				"FR_584536161622-1" /* YGPercentLayout.m */,
				FR_275342356736 /* Yoga.c */,
				FR_275342356738 /* Yoga.h */,
			);
			path = yoga;
			sourceTree = "<group>";
		};
		G_7194754941508 /* mods */ = {
			isa = PBXGroup;
			children = (
				G_2687457354425 /* inspector */,
				G_9030633059109 /* stylesheet */,
			);
			path = mods;
			sourceTree = "<group>";
		};
		G_7194763453892 /* deps */ = {
			isa = PBXGroup;
			children = (
				G_6893859073568 /* yoga */,
				16253DD420C9A7F400E34D51 /* BackwardsCompatibility.swift */,
			);
			path = deps;
			sourceTree = "<group>";
		};
		G_7442817775818 /* src */ = {
			isa = PBXGroup;
			children = (
				FR_252848279705 /* Stylesheet.swift */,
			);
			path = src;
			sourceTree = "<group>";
		};
		G_8448771205358 = {
			isa = PBXGroup;
			children = (
				G_8620238527590 /* Products */,
				G_4807831269895 /* render */,
				G_4799450093349 /* test */,
			);
			indentWidth = 2;
			sourceTree = "<group>";
			usesTabs = 0;
		};
		G_8620238527590 /* Products */ = {
			isa = PBXGroup;
			children = (
				FR_699701780932 /* RenderNeutrino.framework */,
				FR_479945003232 /* Test.xctest */,
			);
			name = Products;
			sourceTree = "<group>";
		};
		G_8742464303426 /* deps */ = {
			isa = PBXGroup;
			children = (
				FR_988310230839 /* Expression.swift */,
				FR_311136529580 /* YamlBridge.swift */,
				FR_659407974422 /* yaml.c */,
				"FR_659407974422-1" /* yaml.h */,
			);
			path = deps;
			sourceTree = "<group>";
		};
		G_9030633059109 /* stylesheet */ = {
			isa = PBXGroup;
			children = (
				G_8742464303426 /* deps */,
				G_7442817775818 /* src */,
			);
			path = stylesheet;
			sourceTree = "<group>";
		};
/* End PBXGroup section */

/* Begin PBXHeadersBuildPhase section */
		HBP_69970178093 /* Headers */ = {
			isa = PBXHeadersBuildPhase;
			buildActionMask = 2147483647;
			files = (
				BF_462836686627 /* IGListCollectionViewLayout.h in Headers */,
				BF_145689485922 /* RenderNeutrino-Swift.h in Headers */,
				BF_555278485876 /* RenderNeutrino.h in Headers */,
				BF_130318008309 /* UIView+Yoga.h in Headers */,
				BF_703901964368 /* YGEnums.h in Headers */,
				BF_316424153843 /* YGLayout+Private.h in Headers */,
				BF_669968029346 /* YGLayout.h in Headers */,
				BF_534565881787 /* YGMacros.h in Headers */,
				BF_238024258331 /* YGNodeList.h in Headers */,
				BF_111358888711 /* YGPercentLayout.h in Headers */,
				BF_579381017942 /* Yoga.h in Headers */,
				BF_681104294119 /* yaml.h in Headers */,
			);
			runOnlyForDeploymentPostprocessing = 0;
		};
/* End PBXHeadersBuildPhase section */

/* Begin PBXNativeTarget section */
		NT_479945003232 /* Test */ = {
			isa = PBXNativeTarget;
			buildConfigurationList = CL_479945003232 /* Build configuration list for PBXNativeTarget "Test" */;
			buildPhases = (
				SBP_47994500323 /* Sources */,
				FBP_47994500323 /* Frameworks */,
			);
			buildRules = (
			);
			dependencies = (
				TD_412573700059 /* PBXTargetDependency */,
			);
			name = Test;
			productName = Test;
			productReference = FR_479945003232 /* Test.xctest */;
			productType = "com.apple.product-type.bundle.unit-test";
		};
		NT_699701780932 /* RenderNeutrino */ = {
			isa = PBXNativeTarget;
			buildConfigurationList = CL_699701780932 /* Build configuration list for PBXNativeTarget "RenderNeutrino" */;
			buildPhases = (
				SBP_69970178093 /* Sources */,
				HBP_69970178093 /* Headers */,
				SSBP_6695359833 /* Run Script */,
			);
			buildRules = (
			);
			dependencies = (
			);
			name = RenderNeutrino;
			productName = RenderNeutrino;
			productReference = FR_699701780932 /* RenderNeutrino.framework */;
			productType = "com.apple.product-type.framework";
		};
/* End PBXNativeTarget section */

/* Begin PBXProject section */
		P_4791989297774 /* Project object */ = {
			isa = PBXProject;
			attributes = {
				LastUpgradeCheck = 0930;
			};
			buildConfigurationList = CL_479198929777 /* Build configuration list for PBXProject "Render" */;
			compatibilityVersion = "Xcode 3.2";
			developmentRegion = en;
			hasScannedForEncodings = 0;
			knownRegions = (
				en,
			);
			mainGroup = G_8448771205358;
			projectDirPath = "";
			projectRoot = "";
			targets = (
				NT_699701780932 /* RenderNeutrino */,
				NT_479945003232 /* Test */,
			);
		};
/* End PBXProject section */

/* Begin PBXShellScriptBuildPhase section */
		SSBP_6695359833 /* Run Script */ = {
			isa = PBXShellScriptBuildPhase;
			buildActionMask = 2147483647;
			files = (
			);
			inputPaths = (
			);
			name = "Run Script";
			outputPaths = (
			);
			runOnlyForDeploymentPostprocessing = 0;
			shellPath = /bin/sh;
			shellScript = "PRODUCT=\"${BUILT_PRODUCTS_DIR}/${TARGET_NAME}\"; cp -R \"${PRODUCT}.framework\" ./bin; cp -R \"${PRODUCT}.framework.dSYM\" ./bin; cd ./bin; zip -r dist.zip RenderNeutrino.framework.dSYM RenderNeutrino.framework;";
		};
/* End PBXShellScriptBuildPhase section */

/* Begin PBXSourcesBuildPhase section */
		SBP_47994500323 /* Sources */ = {
			isa = PBXSourcesBuildPhase;
			buildActionMask = 2147483647;
			files = (
				BF_912369804507 /* ComponentTests.swift in Sources */,
				BF_578438420187 /* ContextTests.swift in Sources */,
				BF_974309380853 /* NodeTests.swift in Sources */,
				BF_275243427582 /* StylesheetTests.swift in Sources */,
			);
			runOnlyForDeploymentPostprocessing = 0;
		};
		SBP_69970178093 /* Sources */ = {
			isa = PBXSourcesBuildPhase;
			buildActionMask = 2147483647;
			files = (
				BF_893319261635 /* BaseViewController.swift in Sources */,
				BF_785158064595 /* Component.swift in Sources */,
				BF_162887300272 /* Context.swift in Sources */,
				BF_535091931511 /* Debug.swift in Sources */,
				BF_784257326017 /* Expression.swift in Sources */,
				BF_354030057635 /* Geometry.swift in Sources */,
				BF_398648952227 /* IGListCollectionViewLayout.mm in Sources */,
				16253DD520C9A7F400E34D51 /* BackwardsCompatibility.swift in Sources */,
				BF_363282377240 /* Inspector.swift in Sources */,
				BF_159706317339 /* KeyPath.swift in Sources */,
				BF_114241843021 /* NavigationBar.swift in Sources */,
				BF_458110232153 /* Node.swift in Sources */,
				BF_336715254161 /* Props.swift in Sources */,
				BF_209873044719 /* State.swift in Sources */,
				BF_247698479793 /* Style.swift in Sources */,
				BF_796310614563 /* Stylesheet.swift in Sources */,
				BF_557116620637 /* TableViewController.swift in Sources */,
				BF_600094276189 /* UIView+Yoga.m in Sources */,
				BF_222288255420 /* ViewController.swift in Sources */,
				BF_606331023895 /* ViewControllerTransitions.swift in Sources */,
				BF_224222219659 /* YGEnums.c in Sources */,
				BF_676515190407 /* YGExtensions.swift in Sources */,
				BF_678875975098 /* YGLayout.m in Sources */,
				BF_775078644649 /* YGNodeList.c in Sources */,
				BF_594884445968 /* YGPercentLayout.m in Sources */,
				BF_100451147478 /* YamlBridge.swift in Sources */,
				BF_911657265203 /* Yoga.c in Sources */,
				BF_353444801228 /* yaml.c in Sources */,
			);
			runOnlyForDeploymentPostprocessing = 0;
		};
/* End PBXSourcesBuildPhase section */

/* Begin PBXTargetDependency section */
		TD_412573700059 /* PBXTargetDependency */ = {
			isa = PBXTargetDependency;
			target = NT_699701780932 /* RenderNeutrino */;
			targetProxy = CIP_47994500323 /* PBXContainerItemProxy */;
		};
/* End PBXTargetDependency section */

/* Begin XCBuildConfiguration section */
		BC_175185998856 /* Debug */ = {
			isa = XCBuildConfiguration;
			buildSettings = {
				CODE_SIGN_IDENTITY = "";
				CURRENT_PROJECT_VERSION = 1;
				DEBUG_INFORMATION_FORMAT = "dwarf-with-dsym";
				DEFINES_MODULE = YES;
				DYLIB_COMPATIBILITY_VERSION = 1;
				DYLIB_CURRENT_VERSION = 1;
				DYLIB_INSTALL_NAME_BASE = "@rpath";
				ENABLE_TESTABILITY = YES;
				GCC_DEBUGGING_SYMBOLS = "full,";
				GCC_GENERATE_DEBUGGING_SYMBOLS = YES;
				INFOPLIST_FILE = render/Info.plist;
				INSTALL_PATH = "$(LOCAL_LIBRARY_DIR)/Frameworks";
				LD_RUNPATH_SEARCH_PATHS = "$(inherited) @executable_path/Frameworks";
				ONLY_ACTIVE_ARCH = NO;
				PLATFORM = "platform $platform";
				PRODUCT_BUNDLE_IDENTIFIER = io.render.neutrino;
				SDKROOT = iphoneos;
				SKIP_INSTALL = YES;
				SWIFT_OPTIMIZATION_LEVEL = "-Owholemodule";
				TARGETED_DEVICE_FAMILY = "1,2";
				VALID_ARCHS = "arm64 armv7 armv7s i386 x86_64";
				VERSIONING_SYSTEM = "apple-generic";
			};
			name = Debug;
		};
		BC_347931411381 /* Release */ = {
			isa = XCBuildConfiguration;
			buildSettings = {
				BUNDLE_LOADER = "$(TEST_HOST)";
				INFOPLIST_FILE = test/Info.plist;
				LD_RUNPATH_SEARCH_PATHS = "$(inherited) @executable_path/Frameworks @loader_path/Frameworks";
				SDKROOT = iphoneos;
				TARGETED_DEVICE_FAMILY = "1,2";
			};
			name = Release;
		};
		BC_479945831424 /* Debug */ = {
			isa = XCBuildConfiguration;
			buildSettings = {
				ALWAYS_SEARCH_USER_PATHS = NO;
				CLANG_ANALYZER_NONNULL = YES;
				CLANG_ANALYZER_NUMBER_OBJECT_CONVERSION = YES_AGGRESSIVE;
				CLANG_CXX_LANGUAGE_STANDARD = "gnu++14";
				CLANG_CXX_LIBRARY = "libc++";
				CLANG_ENABLE_MODULES = YES;
				CLANG_ENABLE_OBJC_ARC = YES;
				CLANG_WARN_BLOCK_CAPTURE_AUTORELEASING = YES;
				CLANG_WARN_BOOL_CONVERSION = YES;
				CLANG_WARN_COMMA = YES;
				CLANG_WARN_CONSTANT_CONVERSION = YES;
				CLANG_WARN_DEPRECATED_OBJC_IMPLEMENTATIONS = YES;
				CLANG_WARN_DIRECT_OBJC_ISA_USAGE = YES_ERROR;
				CLANG_WARN_DOCUMENTATION_COMMENTS = YES;
				CLANG_WARN_EMPTY_BODY = YES;
				CLANG_WARN_ENUM_CONVERSION = YES;
				CLANG_WARN_INFINITE_RECURSION = YES;
				CLANG_WARN_INT_CONVERSION = YES;
				CLANG_WARN_NON_LITERAL_NULL_CONVERSION = YES;
				CLANG_WARN_OBJC_IMPLICIT_RETAIN_SELF = YES;
				CLANG_WARN_OBJC_LITERAL_CONVERSION = YES;
				CLANG_WARN_OBJC_ROOT_CLASS = YES_ERROR;
				CLANG_WARN_RANGE_LOOP_ANALYSIS = YES;
				CLANG_WARN_STRICT_PROTOTYPES = YES;
				CLANG_WARN_SUSPICIOUS_MOVE = YES;
				CLANG_WARN_UNGUARDED_AVAILABILITY = YES_AGGRESSIVE;
				CLANG_WARN_UNREACHABLE_CODE = YES;
				CLANG_WARN__DUPLICATE_METHOD_MATCH = YES;
				COPY_PHASE_STRIP = NO;
				DEBUG_INFORMATION_FORMAT = dwarf;
				ENABLE_STRICT_OBJC_MSGSEND = YES;
				ENABLE_TESTABILITY = YES;
				GCC_C_LANGUAGE_STANDARD = gnu11;
				GCC_DYNAMIC_NO_PIC = NO;
				GCC_NO_COMMON_BLOCKS = YES;
				GCC_OPTIMIZATION_LEVEL = 0;
				GCC_PREPROCESSOR_DEFINITIONS = (
					"$(inherited)",
					"DEBUG=1",
				);
				GCC_WARN_64_TO_32_BIT_CONVERSION = YES;
				GCC_WARN_ABOUT_RETURN_TYPE = YES_ERROR;
				GCC_WARN_UNDECLARED_SELECTOR = YES;
				GCC_WARN_UNINITIALIZED_AUTOS = YES_AGGRESSIVE;
				GCC_WARN_UNUSED_FUNCTION = YES;
				GCC_WARN_UNUSED_VARIABLE = YES;
				IPHONEOS_DEPLOYMENT_TARGET = 10.0;
				MTL_ENABLE_DEBUG_INFO = YES;
				ONLY_ACTIVE_ARCH = YES;
				PRODUCT_NAME = "$(TARGET_NAME)";
				SWIFT_ACTIVE_COMPILATION_CONDITIONS = DEBUG;
				SWIFT_OPTIMIZATION_LEVEL = "-Onone";
				SWIFT_VERSION = 4.0;
			};
			name = Debug;
		};
		BC_832392508860 /* Release */ = {
			isa = XCBuildConfiguration;
			buildSettings = {
				CODE_SIGN_IDENTITY = "";
				CURRENT_PROJECT_VERSION = 1;
				DEBUG_INFORMATION_FORMAT = "dwarf-with-dsym";
				DEFINES_MODULE = YES;
				DYLIB_COMPATIBILITY_VERSION = 1;
				DYLIB_CURRENT_VERSION = 1;
				DYLIB_INSTALL_NAME_BASE = "@rpath";
				ENABLE_TESTABILITY = YES;
				GCC_DEBUGGING_SYMBOLS = "full,";
				GCC_GENERATE_DEBUGGING_SYMBOLS = YES;
				INFOPLIST_FILE = render/Info.plist;
				INSTALL_PATH = "$(LOCAL_LIBRARY_DIR)/Frameworks";
				LD_RUNPATH_SEARCH_PATHS = "$(inherited) @executable_path/Frameworks";
				ONLY_ACTIVE_ARCH = NO;
				PLATFORM = "platform $platform";
				PRODUCT_BUNDLE_IDENTIFIER = io.render.neutrino;
				SDKROOT = iphoneos;
				SKIP_INSTALL = YES;
				SWIFT_OPTIMIZATION_LEVEL = "-Owholemodule";
				TARGETED_DEVICE_FAMILY = "1,2";
				VALID_ARCHS = "arm64 armv7 armv7s i386 x86_64";
				VERSIONING_SYSTEM = "apple-generic";
			};
			name = Release;
		};
		BC_848069791313 /* Debug */ = {
			isa = XCBuildConfiguration;
			buildSettings = {
				BUNDLE_LOADER = "$(TEST_HOST)";
				INFOPLIST_FILE = test/Info.plist;
				LD_RUNPATH_SEARCH_PATHS = "$(inherited) @executable_path/Frameworks @loader_path/Frameworks";
				SDKROOT = iphoneos;
				TARGETED_DEVICE_FAMILY = "1,2";
			};
			name = Debug;
		};
		BC_881114754245 /* Release */ = {
			isa = XCBuildConfiguration;
			buildSettings = {
				ALWAYS_SEARCH_USER_PATHS = NO;
				CLANG_ANALYZER_NONNULL = YES;
				CLANG_ANALYZER_NUMBER_OBJECT_CONVERSION = YES_AGGRESSIVE;
				CLANG_CXX_LANGUAGE_STANDARD = "gnu++14";
				CLANG_CXX_LIBRARY = "libc++";
				CLANG_ENABLE_MODULES = YES;
				CLANG_ENABLE_OBJC_ARC = YES;
				CLANG_WARN_BLOCK_CAPTURE_AUTORELEASING = YES;
				CLANG_WARN_BOOL_CONVERSION = YES;
				CLANG_WARN_COMMA = YES;
				CLANG_WARN_CONSTANT_CONVERSION = YES;
				CLANG_WARN_DEPRECATED_OBJC_IMPLEMENTATIONS = YES;
				CLANG_WARN_DIRECT_OBJC_ISA_USAGE = YES_ERROR;
				CLANG_WARN_DOCUMENTATION_COMMENTS = YES;
				CLANG_WARN_EMPTY_BODY = YES;
				CLANG_WARN_ENUM_CONVERSION = YES;
				CLANG_WARN_INFINITE_RECURSION = YES;
				CLANG_WARN_INT_CONVERSION = YES;
				CLANG_WARN_NON_LITERAL_NULL_CONVERSION = YES;
				CLANG_WARN_OBJC_IMPLICIT_RETAIN_SELF = YES;
				CLANG_WARN_OBJC_LITERAL_CONVERSION = YES;
				CLANG_WARN_OBJC_ROOT_CLASS = YES_ERROR;
				CLANG_WARN_RANGE_LOOP_ANALYSIS = YES;
				CLANG_WARN_STRICT_PROTOTYPES = YES;
				CLANG_WARN_SUSPICIOUS_MOVE = YES;
				CLANG_WARN_UNGUARDED_AVAILABILITY = YES_AGGRESSIVE;
				CLANG_WARN_UNREACHABLE_CODE = YES;
				CLANG_WARN__DUPLICATE_METHOD_MATCH = YES;
				COPY_PHASE_STRIP = NO;
				DEBUG_INFORMATION_FORMAT = "dwarf-with-dsym";
				ENABLE_NS_ASSERTIONS = NO;
				ENABLE_STRICT_OBJC_MSGSEND = YES;
				GCC_C_LANGUAGE_STANDARD = gnu11;
				GCC_NO_COMMON_BLOCKS = YES;
				GCC_WARN_64_TO_32_BIT_CONVERSION = YES;
				GCC_WARN_ABOUT_RETURN_TYPE = YES_ERROR;
				GCC_WARN_UNDECLARED_SELECTOR = YES;
				GCC_WARN_UNINITIALIZED_AUTOS = YES_AGGRESSIVE;
				GCC_WARN_UNUSED_FUNCTION = YES;
				GCC_WARN_UNUSED_VARIABLE = YES;
				IPHONEOS_DEPLOYMENT_TARGET = 10.0;
				PRODUCT_NAME = "$(TARGET_NAME)";
				SWIFT_OPTIMIZATION_LEVEL = "-Owholemodule";
				SWIFT_VERSION = 4.0;
				VALIDATE_PRODUCT = YES;
			};
			name = Release;
		};
/* End XCBuildConfiguration section */

/* Begin XCConfigurationList section */
		CL_479198929777 /* Build configuration list for PBXProject "Render" */ = {
			isa = XCConfigurationList;
			buildConfigurations = (
				BC_479945831424 /* Debug */,
				BC_881114754245 /* Release */,
			);
			defaultConfigurationIsVisible = 0;
			defaultConfigurationName = Debug;
		};
		CL_479945003232 /* Build configuration list for PBXNativeTarget "Test" */ = {
			isa = XCConfigurationList;
			buildConfigurations = (
				BC_848069791313 /* Debug */,
				BC_347931411381 /* Release */,
			);
			defaultConfigurationIsVisible = 0;
			defaultConfigurationName = "";
		};
		CL_699701780932 /* Build configuration list for PBXNativeTarget "RenderNeutrino" */ = {
			isa = XCConfigurationList;
			buildConfigurations = (
				BC_175185998856 /* Debug */,
				BC_832392508860 /* Release */,
			);
			defaultConfigurationIsVisible = 0;
			defaultConfigurationName = "";
		};
/* End XCConfigurationList section */
	};
	rootObject = P_4791989297774 /* Project object */;
}
