// !$*UTF8*$!
{
	archiveVersion = 1;
	classes = {
	};
	objectVersion = 46;
	objects = {

/* Begin PBXBuildFile section */
		1693B9721CBD383C00A44B24 /* Render.framework in Frameworks */ = {isa = PBXBuildFile; fileRef = 1693B9711CBD383C00A44B24 /* Render.framework */; };
		1693B9731CBD383C00A44B24 /* Render.framework in Embed Frameworks */ = {isa = PBXBuildFile; fileRef = 1693B9711CBD383C00A44B24 /* Render.framework */; settings = {ATTRIBUTES = (CodeSignOnCopy, RemoveHeadersOnCopy, ); }; };
		16C2D7C91CBD374F005194A0 /* AppDelegate.swift in Sources */ = {isa = PBXBuildFile; fileRef = 16C2D7C81CBD374F005194A0 /* AppDelegate.swift */; };
		16C2D7CB1CBD374F005194A0 /* ViewController.swift in Sources */ = {isa = PBXBuildFile; fileRef = 16C2D7CA1CBD374F005194A0 /* ViewController.swift */; };
		16C2D7CE1CBD374F005194A0 /* Main.storyboard in Resources */ = {isa = PBXBuildFile; fileRef = 16C2D7CC1CBD374F005194A0 /* Main.storyboard */; };
		16C2D7D01CBD374F005194A0 /* Assets.xcassets in Resources */ = {isa = PBXBuildFile; fileRef = 16C2D7CF1CBD374F005194A0 /* Assets.xcassets */; };
		16C2D7D31CBD374F005194A0 /* LaunchScreen.storyboard in Resources */ = {isa = PBXBuildFile; fileRef = 16C2D7D11CBD374F005194A0 /* LaunchScreen.storyboard */; };
/* End PBXBuildFile section */

/* Begin PBXCopyFilesBuildPhase section */
		1693B9741CBD383C00A44B24 /* Embed Frameworks */ = {
			isa = PBXCopyFilesBuildPhase;
			buildActionMask = 2147483647;
			dstPath = "";
			dstSubfolderSpec = 10;
			files = (
				1693B9731CBD383C00A44B24 /* Render.framework in Embed Frameworks */,
			);
			name = "Embed Frameworks";
			runOnlyForDeploymentPostprocessing = 0;
		};
/* End PBXCopyFilesBuildPhase section */

/* Begin PBXFileReference section */
		1693B9711CBD383C00A44B24 /* Render.framework */ = {isa = PBXFileReference; explicitFileType = wrapper.framework; name = Render.framework; path = "/Users/alexusbergo/Library/Developer/Xcode/DerivedData/RenderDemo-euizrkdtmbtkoqevahspdlymyvbf/Build/Products/Debug-iphonesimulator/Render.framework"; sourceTree = "<absolute>"; };
		16C2D7C51CBD374F005194A0 /* RenderDemo.app */ = {isa = PBXFileReference; explicitFileType = wrapper.application; includeInIndex = 0; path = RenderDemo.app; sourceTree = BUILT_PRODUCTS_DIR; };
		16C2D7C81CBD374F005194A0 /* AppDelegate.swift */ = {isa = PBXFileReference; lastKnownFileType = sourcecode.swift; path = AppDelegate.swift; sourceTree = "<group>"; };
		16C2D7CA1CBD374F005194A0 /* ViewController.swift */ = {isa = PBXFileReference; lastKnownFileType = sourcecode.swift; path = ViewController.swift; sourceTree = "<group>"; };
		16C2D7CD1CBD374F005194A0 /* Base */ = {isa = PBXFileReference; lastKnownFileType = file.storyboard; name = Base; path = Base.lproj/Main.storyboard; sourceTree = "<group>"; };
		16C2D7CF1CBD374F005194A0 /* Assets.xcassets */ = {isa = PBXFileReference; lastKnownFileType = folder.assetcatalog; path = Assets.xcassets; sourceTree = "<group>"; };
		16C2D7D21CBD374F005194A0 /* Base */ = {isa = PBXFileReference; lastKnownFileType = file.storyboard; name = Base; path = Base.lproj/LaunchScreen.storyboard; sourceTree = "<group>"; };
		16C2D7D41CBD374F005194A0 /* Info.plist */ = {isa = PBXFileReference; lastKnownFileType = text.plist.xml; path = Info.plist; sourceTree = "<group>"; };
/* End PBXFileReference section */

/* Begin PBXFrameworksBuildPhase section */
		16C2D7C21CBD374F005194A0 /* Frameworks */ = {
			isa = PBXFrameworksBuildPhase;
			buildActionMask = 2147483647;
			files = (
				1693B9721CBD383C00A44B24 /* Render.framework in Frameworks */,
			);
			runOnlyForDeploymentPostprocessing = 0;
		};
/* End PBXFrameworksBuildPhase section */

/* Begin PBXGroup section */
		16C2D7BC1CBD374F005194A0 = {
			isa = PBXGroup;
			children = (
				1693B9711CBD383C00A44B24 /* Render.framework */,
				16C2D7C71CBD374F005194A0 /* RenderDemo */,
				16C2D7C61CBD374F005194A0 /* Products */,
			);
			sourceTree = "<group>";
		};
		16C2D7C61CBD374F005194A0 /* Products */ = {
			isa = PBXGroup;
			children = (
				16C2D7C51CBD374F005194A0 /* RenderDemo.app */,
			);
			name = Products;
			sourceTree = "<group>";
		};
		16C2D7C71CBD374F005194A0 /* RenderDemo */ = {
			isa = PBXGroup;
			children = (
				16C2D7C81CBD374F005194A0 /* AppDelegate.swift */,
				16C2D7CA1CBD374F005194A0 /* ViewController.swift */,
				16C2D7CC1CBD374F005194A0 /* Main.storyboard */,
				16C2D7CF1CBD374F005194A0 /* Assets.xcassets */,
				16C2D7D11CBD374F005194A0 /* LaunchScreen.storyboard */,
				16C2D7D41CBD374F005194A0 /* Info.plist */,
			);
			path = RenderDemo;
			sourceTree = "<group>";
		};
/* End PBXGroup section */

/* Begin PBXNativeTarget section */
		16C2D7C41CBD374F005194A0 /* RenderDemo */ = {
			isa = PBXNativeTarget;
			buildConfigurationList = 16C2D7D71CBD374F005194A0 /* Build configuration list for PBXNativeTarget "RenderDemo" */;
			buildPhases = (
				16C2D7C11CBD374F005194A0 /* Sources */,
				16C2D7C21CBD374F005194A0 /* Frameworks */,
				16C2D7C31CBD374F005194A0 /* Resources */,
				1693B9741CBD383C00A44B24 /* Embed Frameworks */,
			);
			buildRules = (
			);
			dependencies = (
			);
			name = RenderDemo;
			productName = RenderDemo;
			productReference = 16C2D7C51CBD374F005194A0 /* RenderDemo.app */;
			productType = "com.apple.product-type.application";
		};
/* End PBXNativeTarget section */

/* Begin PBXProject section */
		16C2D7BD1CBD374F005194A0 /* Project object */ = {
			isa = PBXProject;
			attributes = {
				LastSwiftUpdateCheck = 0730;
				LastUpgradeCheck = 0730;
				ORGANIZATIONNAME = "Alex Usbergo";
				TargetAttributes = {
					16C2D7C41CBD374F005194A0 = {
						CreatedOnToolsVersion = 7.3;
					};
				};
			};
			buildConfigurationList = 16C2D7C01CBD374F005194A0 /* Build configuration list for PBXProject "RenderDemo" */;
			compatibilityVersion = "Xcode 3.2";
			developmentRegion = English;
			hasScannedForEncodings = 0;
			knownRegions = (
				en,
				Base,
			);
			mainGroup = 16C2D7BC1CBD374F005194A0;
			productRefGroup = 16C2D7C61CBD374F005194A0 /* Products */;
			projectDirPath = "";
			projectRoot = "";
			targets = (
				16C2D7C41CBD374F005194A0 /* RenderDemo */,
			);
		};
/* End PBXProject section */

/* Begin PBXResourcesBuildPhase section */
		16C2D7C31CBD374F005194A0 /* Resources */ = {
			isa = PBXResourcesBuildPhase;
			buildActionMask = 2147483647;
			files = (
				16C2D7D31CBD374F005194A0 /* LaunchScreen.storyboard in Resources */,
				16C2D7D01CBD374F005194A0 /* Assets.xcassets in Resources */,
				16C2D7CE1CBD374F005194A0 /* Main.storyboard in Resources */,
			);
			runOnlyForDeploymentPostprocessing = 0;
		};
/* End PBXResourcesBuildPhase section */

/* Begin PBXSourcesBuildPhase section */
		16C2D7C11CBD374F005194A0 /* Sources */ = {
			isa = PBXSourcesBuildPhase;
			buildActionMask = 2147483647;
			files = (
				16C2D7CB1CBD374F005194A0 /* ViewController.swift in Sources */,
				16C2D7C91CBD374F005194A0 /* AppDelegate.swift in Sources */,
			);
			runOnlyForDeploymentPostprocessing = 0;
		};
/* End PBXSourcesBuildPhase section */

/* Begin PBXVariantGroup section */
		16C2D7CC1CBD374F005194A0 /* Main.storyboard */ = {
			isa = PBXVariantGroup;
			children = (
				16C2D7CD1CBD374F005194A0 /* Base */,
			);
			name = Main.storyboard;
			sourceTree = "<group>";
		};
		16C2D7D11CBD374F005194A0 /* LaunchScreen.storyboard */ = {
			isa = PBXVariantGroup;
			children = (
				16C2D7D21CBD374F005194A0 /* Base */,
			);
			name = LaunchScreen.storyboard;
			sourceTree = "<group>";
		};
/* End PBXVariantGroup section */

/* Begin XCBuildConfiguration section */
		16C2D7D51CBD374F005194A0 /* Debug */ = {
			isa = XCBuildConfiguration;
			buildSettings = {
				ALWAYS_SEARCH_USER_PATHS = NO;
				CLANG_ANALYZER_NONNULL = YES;
				CLANG_CXX_LANGUAGE_STANDARD = "gnu++0x";
				CLANG_CXX_LIBRARY = "libc++";
				CLANG_ENABLE_MODULES = YES;
				CLANG_ENABLE_OBJC_ARC = YES;
				CLANG_WARN_BOOL_CONVERSION = YES;
				CLANG_WARN_CONSTANT_CONVERSION = YES;
				CLANG_WARN_DIRECT_OBJC_ISA_USAGE = YES_ERROR;
				CLANG_WARN_EMPTY_BODY = YES;
				CLANG_WARN_ENUM_CONVERSION = YES;
				CLANG_WARN_INT_CONVERSION = YES;
				CLANG_WARN_OBJC_ROOT_CLASS = YES_ERROR;
				CLANG_WARN_UNREACHABLE_CODE = YES;
				CLANG_WARN__DUPLICATE_METHOD_MATCH = YES;
				"CODE_SIGN_IDENTITY[sdk=iphoneos*]" = "iPhone Developer";
				COPY_PHASE_STRIP = NO;
				DEBUG_INFORMATION_FORMAT = dwarf;
				ENABLE_STRICT_OBJC_MSGSEND = YES;
				ENABLE_TESTABILITY = YES;
				GCC_C_LANGUAGE_STANDARD = gnu99;
				GCC_DYNAMIC_NO_PIC = NO;
				GCC_NO_COMMON_BLOCKS = YES;
				GCC_OPTIMIZATION_LEVEL = 0;
				GCC_PREPROCESSOR_DEFINITIONS = (
					"DEBUG=1",
					"$(inherited)",
				);
				GCC_WARN_64_TO_32_BIT_CONVERSION = YES;
				GCC_WARN_ABOUT_RETURN_TYPE = YES_ERROR;
				GCC_WARN_UNDECLARED_SELECTOR = YES;
				GCC_WARN_UNINITIALIZED_AUTOS = YES_AGGRESSIVE;
				GCC_WARN_UNUSED_FUNCTION = YES;
				GCC_WARN_UNUSED_VARIABLE = YES;
				IPHONEOS_DEPLOYMENT_TARGET = 9.3;
				MTL_ENABLE_DEBUG_INFO = YES;
				ONLY_ACTIVE_ARCH = YES;
				SDKROOT = iphoneos;
				SWIFT_OPTIMIZATION_LEVEL = "-Onone";
				TARGETED_DEVICE_FAMILY = "1,2";
			};
			name = Debug;
		};
		16C2D7D61CBD374F005194A0 /* Release */ = {
			isa = XCBuildConfiguration;
			buildSettings = {
				ALWAYS_SEARCH_USER_PATHS = NO;
				CLANG_ANALYZER_NONNULL = YES;
				CLANG_CXX_LANGUAGE_STANDARD = "gnu++0x";
				CLANG_CXX_LIBRARY = "libc++";
				CLANG_ENABLE_MODULES = YES;
				CLANG_ENABLE_OBJC_ARC = YES;
				CLANG_WARN_BOOL_CONVERSION = YES;
				CLANG_WARN_CONSTANT_CONVERSION = YES;
				CLANG_WARN_DIRECT_OBJC_ISA_USAGE = YES_ERROR;
				CLANG_WARN_EMPTY_BODY = YES;
				CLANG_WARN_ENUM_CONVERSION = YES;
				CLANG_WARN_INT_CONVERSION = YES;
				CLANG_WARN_OBJC_ROOT_CLASS = YES_ERROR;
				CLANG_WARN_UNREACHABLE_CODE = YES;
				CLANG_WARN__DUPLICATE_METHOD_MATCH = YES;
				"CODE_SIGN_IDENTITY[sdk=iphoneos*]" = "iPhone Developer";
				COPY_PHASE_STRIP = NO;
				DEBUG_INFORMATION_FORMAT = "dwarf-with-dsym";
				ENABLE_NS_ASSERTIONS = NO;
				ENABLE_STRICT_OBJC_MSGSEND = YES;
				GCC_C_LANGUAGE_STANDARD = gnu99;
				GCC_NO_COMMON_BLOCKS = YES;
				GCC_WARN_64_TO_32_BIT_CONVERSION = YES;
				GCC_WARN_ABOUT_RETURN_TYPE = YES_ERROR;
				GCC_WARN_UNDECLARED_SELECTOR = YES;
				GCC_WARN_UNINITIALIZED_AUTOS = YES_AGGRESSIVE;
				GCC_WARN_UNUSED_FUNCTION = YES;
				GCC_WARN_UNUSED_VARIABLE = YES;
				IPHONEOS_DEPLOYMENT_TARGET = 9.3;
				MTL_ENABLE_DEBUG_INFO = NO;
				SDKROOT = iphoneos;
				TARGETED_DEVICE_FAMILY = "1,2";
				VALIDATE_PRODUCT = YES;
			};
			name = Release;
		};
		16C2D7D81CBD374F005194A0 /* Debug */ = {
			isa = XCBuildConfiguration;
			buildSettings = {
				ASSETCATALOG_COMPILER_APPICON_NAME = AppIcon;
				INFOPLIST_FILE = RenderDemo/Info.plist;
				LD_RUNPATH_SEARCH_PATHS = "$(inherited) @executable_path/Frameworks";
				PRODUCT_BUNDLE_IDENTIFIER = com.s.RenderDemo;
				PRODUCT_NAME = "$(TARGET_NAME)";
			};
			name = Debug;
		};
		16C2D7D91CBD374F005194A0 /* Release */ = {
			isa = XCBuildConfiguration;
			buildSettings = {
				ASSETCATALOG_COMPILER_APPICON_NAME = AppIcon;
				INFOPLIST_FILE = RenderDemo/Info.plist;
				LD_RUNPATH_SEARCH_PATHS = "$(inherited) @executable_path/Frameworks";
				PRODUCT_BUNDLE_IDENTIFIER = com.s.RenderDemo;
				PRODUCT_NAME = "$(TARGET_NAME)";
			};
			name = Release;
		};
/* End XCBuildConfiguration section */

/* Begin XCConfigurationList section */
		16C2D7C01CBD374F005194A0 /* Build configuration list for PBXProject "RenderDemo" */ = {
			isa = XCConfigurationList;
			buildConfigurations = (
				16C2D7D51CBD374F005194A0 /* Debug */,
				16C2D7D61CBD374F005194A0 /* Release */,
			);
			defaultConfigurationIsVisible = 0;
			defaultConfigurationName = Release;
		};
		16C2D7D71CBD374F005194A0 /* Build configuration list for PBXNativeTarget "RenderDemo" */ = {
			isa = XCConfigurationList;
			buildConfigurations = (
				16C2D7D81CBD374F005194A0 /* Debug */,
				16C2D7D91CBD374F005194A0 /* Release */,
			);
			defaultConfigurationIsVisible = 0;
			defaultConfigurationName = Release;
		};
/* End XCConfigurationList section */
	};
	rootObject = 16C2D7BD1CBD374F005194A0 /* Project object */;
}
