// !$*UTF8*$!
{
	archiveVersion = 1;
	classes = {
	};
	objectVersion = 46;
	objects = {

/* Begin PBXBuildFile section */
		1618D08F1E7EDC4100CD984C /* Material.framework in Frameworks */ = {isa = PBXBuildFile; fileRef = 16C68FA81E7DF80600BA24AC /* Material.framework */; };
		1618D0901E7EDC4100CD984C /* Material.framework in Embed Frameworks */ = {isa = PBXBuildFile; fileRef = 16C68FA81E7DF80600BA24AC /* Material.framework */; settings = {ATTRIBUTES = (CodeSignOnCopy, RemoveHeadersOnCopy, ); }; };
		1618D0911E7EDC4100CD984C /* Render.framework in Frameworks */ = {isa = PBXBuildFile; fileRef = 16C68FA91E7DF80600BA24AC /* Render.framework */; };
		1618D0921E7EDC4100CD984C /* Render.framework in Embed Frameworks */ = {isa = PBXBuildFile; fileRef = 16C68FA91E7DF80600BA24AC /* Render.framework */; settings = {ATTRIBUTES = (CodeSignOnCopy, RemoveHeadersOnCopy, ); }; };
		161AE62F1E7B79600038FBE0 /* AppDelegate.swift in Sources */ = {isa = PBXBuildFile; fileRef = 161AE62E1E7B79600038FBE0 /* AppDelegate.swift */; };
		161AE6311E7B79600038FBE0 /* ViewController.swift in Sources */ = {isa = PBXBuildFile; fileRef = 161AE6301E7B79600038FBE0 /* ViewController.swift */; };
		161AE6341E7B79600038FBE0 /* Main.storyboard in Resources */ = {isa = PBXBuildFile; fileRef = 161AE6321E7B79600038FBE0 /* Main.storyboard */; };
		161AE6361E7B79600038FBE0 /* Assets.xcassets in Resources */ = {isa = PBXBuildFile; fileRef = 161AE6351E7B79600038FBE0 /* Assets.xcassets */; };
		161AE6391E7B79600038FBE0 /* LaunchScreen.storyboard in Resources */ = {isa = PBXBuildFile; fileRef = 161AE6371E7B79600038FBE0 /* LaunchScreen.storyboard */; };
		161AE6491E7B7C980038FBE0 /* TodoComponentView.swift in Sources */ = {isa = PBXBuildFile; fileRef = 161AE6481E7B7C980038FBE0 /* TodoComponentView.swift */; };
		161AE6501E7B835E0038FBE0 /* AppToolbarViewController.swift in Sources */ = {isa = PBXBuildFile; fileRef = 161AE64F1E7B835E0038FBE0 /* AppToolbarViewController.swift */; };
		161AE6521E7B86310038FBE0 /* Store.swift in Sources */ = {isa = PBXBuildFile; fileRef = 161AE6511E7B86310038FBE0 /* Store.swift */; };
		16C68FAA1E7DF80600BA24AC /* Material.framework in Frameworks */ = {isa = PBXBuildFile; fileRef = 16C68FA81E7DF80600BA24AC /* Material.framework */; };
		16C68FAB1E7DF80600BA24AC /* Render.framework in Frameworks */ = {isa = PBXBuildFile; fileRef = 16C68FA91E7DF80600BA24AC /* Render.framework */; };
/* End PBXBuildFile section */

/* Begin PBXCopyFilesBuildPhase section */
		161AE6471E7B7BC10038FBE0 /* Embed Frameworks */ = {
			isa = PBXCopyFilesBuildPhase;
			buildActionMask = 2147483647;
			dstPath = "";
			dstSubfolderSpec = 10;
			files = (
				1618D0921E7EDC4100CD984C /* Render.framework in Embed Frameworks */,
				1618D0901E7EDC4100CD984C /* Material.framework in Embed Frameworks */,
			);
			name = "Embed Frameworks";
			runOnlyForDeploymentPostprocessing = 0;
		};
/* End PBXCopyFilesBuildPhase section */

/* Begin PBXFileReference section */
		161AE62B1E7B79600038FBE0 /* TodoApp.app */ = {isa = PBXFileReference; explicitFileType = wrapper.application; includeInIndex = 0; path = TodoApp.app; sourceTree = BUILT_PRODUCTS_DIR; };
		161AE62E1E7B79600038FBE0 /* AppDelegate.swift */ = {isa = PBXFileReference; lastKnownFileType = sourcecode.swift; path = AppDelegate.swift; sourceTree = "<group>"; };
		161AE6301E7B79600038FBE0 /* ViewController.swift */ = {isa = PBXFileReference; lastKnownFileType = sourcecode.swift; path = ViewController.swift; sourceTree = "<group>"; };
		161AE6331E7B79600038FBE0 /* Base */ = {isa = PBXFileReference; lastKnownFileType = file.storyboard; name = Base; path = Base.lproj/Main.storyboard; sourceTree = "<group>"; };
		161AE6351E7B79600038FBE0 /* Assets.xcassets */ = {isa = PBXFileReference; lastKnownFileType = folder.assetcatalog; path = Assets.xcassets; sourceTree = "<group>"; };
		161AE6381E7B79600038FBE0 /* Base */ = {isa = PBXFileReference; lastKnownFileType = file.storyboard; name = Base; path = Base.lproj/LaunchScreen.storyboard; sourceTree = "<group>"; };
		161AE63A1E7B79600038FBE0 /* Info.plist */ = {isa = PBXFileReference; lastKnownFileType = text.plist.xml; path = Info.plist; sourceTree = "<group>"; };
		161AE6481E7B7C980038FBE0 /* TodoComponentView.swift */ = {isa = PBXFileReference; fileEncoding = 4; lastKnownFileType = sourcecode.swift; path = TodoComponentView.swift; sourceTree = "<group>"; };
		161AE64F1E7B835E0038FBE0 /* AppToolbarViewController.swift */ = {isa = PBXFileReference; fileEncoding = 4; lastKnownFileType = sourcecode.swift; path = AppToolbarViewController.swift; sourceTree = "<group>"; };
		161AE6511E7B86310038FBE0 /* Store.swift */ = {isa = PBXFileReference; fileEncoding = 4; lastKnownFileType = sourcecode.swift; path = Store.swift; sourceTree = "<group>"; };
		16C68FA81E7DF80600BA24AC /* Material.framework */ = {isa = PBXFileReference; lastKnownFileType = wrapper.framework; name = Material.framework; path = Frameworks/Carthage/Build/iOS/Material.framework; sourceTree = SOURCE_ROOT; };
		16C68FA91E7DF80600BA24AC /* Render.framework */ = {isa = PBXFileReference; lastKnownFileType = wrapper.framework; name = Render.framework; path = Frameworks/Carthage/Build/iOS/Render.framework; sourceTree = SOURCE_ROOT; };
/* End PBXFileReference section */

/* Begin PBXFrameworksBuildPhase section */
		161AE6281E7B79600038FBE0 /* Frameworks */ = {
			isa = PBXFrameworksBuildPhase;
			buildActionMask = 2147483647;
			files = (
				1618D0911E7EDC4100CD984C /* Render.framework in Frameworks */,
				16C68FAB1E7DF80600BA24AC /* Render.framework in Frameworks */,
				16C68FAA1E7DF80600BA24AC /* Material.framework in Frameworks */,
				1618D08F1E7EDC4100CD984C /* Material.framework in Frameworks */,
			);
			runOnlyForDeploymentPostprocessing = 0;
		};
/* End PBXFrameworksBuildPhase section */

/* Begin PBXGroup section */
		161AE6221E7B79600038FBE0 = {
			isa = PBXGroup;
			children = (
				161AE62D1E7B79600038FBE0 /* TodoApp */,
				161AE62C1E7B79600038FBE0 /* Products */,
			);
			sourceTree = "<group>";
		};
		161AE62C1E7B79600038FBE0 /* Products */ = {
			isa = PBXGroup;
			children = (
				161AE62B1E7B79600038FBE0 /* TodoApp.app */,
			);
			name = Products;
			sourceTree = "<group>";
		};
		161AE62D1E7B79600038FBE0 /* TodoApp */ = {
			isa = PBXGroup;
			children = (
				16C68FA81E7DF80600BA24AC /* Material.framework */,
				16C68FA91E7DF80600BA24AC /* Render.framework */,
				1656A9621E7C7FFC00BC9016 /* AppDelegate & Root */,
				161AE6511E7B86310038FBE0 /* Store.swift */,
				161AE6481E7B7C980038FBE0 /* TodoComponentView.swift */,
				161AE6301E7B79600038FBE0 /* ViewController.swift */,
				161AE6321E7B79600038FBE0 /* Main.storyboard */,
				161AE6351E7B79600038FBE0 /* Assets.xcassets */,
				161AE6371E7B79600038FBE0 /* LaunchScreen.storyboard */,
				161AE63A1E7B79600038FBE0 /* Info.plist */,
			);
			path = TodoApp;
			sourceTree = "<group>";
		};
		1656A9621E7C7FFC00BC9016 /* AppDelegate & Root */ = {
			isa = PBXGroup;
			children = (
				161AE62E1E7B79600038FBE0 /* AppDelegate.swift */,
				161AE64F1E7B835E0038FBE0 /* AppToolbarViewController.swift */,
			);
			name = "AppDelegate & Root";
			sourceTree = "<group>";
		};
/* End PBXGroup section */

/* Begin PBXNativeTarget section */
		161AE62A1E7B79600038FBE0 /* TodoApp */ = {
			isa = PBXNativeTarget;
			buildConfigurationList = 161AE63D1E7B79600038FBE0 /* Build configuration list for PBXNativeTarget "TodoApp" */;
			buildPhases = (
				161AE6271E7B79600038FBE0 /* Sources */,
				161AE6281E7B79600038FBE0 /* Frameworks */,
				161AE6291E7B79600038FBE0 /* Resources */,
				161AE6471E7B7BC10038FBE0 /* Embed Frameworks */,
			);
			buildRules = (
			);
			dependencies = (
			);
			name = TodoApp;
			productName = TodoApp;
			productReference = 161AE62B1E7B79600038FBE0 /* TodoApp.app */;
			productType = "com.apple.product-type.application";
		};
/* End PBXNativeTarget section */

/* Begin PBXProject section */
		161AE6231E7B79600038FBE0 /* Project object */ = {
			isa = PBXProject;
			attributes = {
				LastSwiftUpdateCheck = 0820;
				LastUpgradeCheck = 0820;
				ORGANIZATIONNAME = "Alex Usbergo";
				TargetAttributes = {
					161AE62A1E7B79600038FBE0 = {
						CreatedOnToolsVersion = 8.2.1;
						ProvisioningStyle = Automatic;
					};
				};
			};
			buildConfigurationList = 161AE6261E7B79600038FBE0 /* Build configuration list for PBXProject "TodoApp" */;
			compatibilityVersion = "Xcode 3.2";
			developmentRegion = English;
			hasScannedForEncodings = 0;
			knownRegions = (
				en,
				Base,
			);
			mainGroup = 161AE6221E7B79600038FBE0;
			productRefGroup = 161AE62C1E7B79600038FBE0 /* Products */;
			projectDirPath = "";
			projectRoot = "";
			targets = (
				161AE62A1E7B79600038FBE0 /* TodoApp */,
			);
		};
/* End PBXProject section */

/* Begin PBXResourcesBuildPhase section */
		161AE6291E7B79600038FBE0 /* Resources */ = {
			isa = PBXResourcesBuildPhase;
			buildActionMask = 2147483647;
			files = (
				161AE6391E7B79600038FBE0 /* LaunchScreen.storyboard in Resources */,
				161AE6361E7B79600038FBE0 /* Assets.xcassets in Resources */,
				161AE6341E7B79600038FBE0 /* Main.storyboard in Resources */,
			);
			runOnlyForDeploymentPostprocessing = 0;
		};
/* End PBXResourcesBuildPhase section */

/* Begin PBXSourcesBuildPhase section */
		161AE6271E7B79600038FBE0 /* Sources */ = {
			isa = PBXSourcesBuildPhase;
			buildActionMask = 2147483647;
			files = (
				161AE6311E7B79600038FBE0 /* ViewController.swift in Sources */,
				161AE62F1E7B79600038FBE0 /* AppDelegate.swift in Sources */,
				161AE6521E7B86310038FBE0 /* Store.swift in Sources */,
				161AE6491E7B7C980038FBE0 /* TodoComponentView.swift in Sources */,
				161AE6501E7B835E0038FBE0 /* AppToolbarViewController.swift in Sources */,
			);
			runOnlyForDeploymentPostprocessing = 0;
		};
/* End PBXSourcesBuildPhase section */

/* Begin PBXVariantGroup section */
		161AE6321E7B79600038FBE0 /* Main.storyboard */ = {
			isa = PBXVariantGroup;
			children = (
				161AE6331E7B79600038FBE0 /* Base */,
			);
			name = Main.storyboard;
			sourceTree = "<group>";
		};
		161AE6371E7B79600038FBE0 /* LaunchScreen.storyboard */ = {
			isa = PBXVariantGroup;
			children = (
				161AE6381E7B79600038FBE0 /* Base */,
			);
			name = LaunchScreen.storyboard;
			sourceTree = "<group>";
		};
/* End PBXVariantGroup section */

/* Begin XCBuildConfiguration section */
		161AE63B1E7B79600038FBE0 /* Debug */ = {
			isa = XCBuildConfiguration;
			buildSettings = {
				ALWAYS_SEARCH_USER_PATHS = NO;
				CLANG_ANALYZER_NONNULL = YES;
				CLANG_CXX_LANGUAGE_STANDARD = "gnu++0x";
				CLANG_CXX_LIBRARY = "libc++";
				CLANG_ENABLE_MODULES = YES;
				CLANG_ENABLE_OBJC_ARC = YES;
				CLANG_WARN_BOOL_CONVERSION = YES;
				CLANG_WARN_CONSTANT_CONVERSION = YES;
				CLANG_WARN_DIRECT_OBJC_ISA_USAGE = YES_ERROR;
				CLANG_WARN_DOCUMENTATION_COMMENTS = YES;
				CLANG_WARN_EMPTY_BODY = YES;
				CLANG_WARN_ENUM_CONVERSION = YES;
				CLANG_WARN_INFINITE_RECURSION = YES;
				CLANG_WARN_INT_CONVERSION = YES;
				CLANG_WARN_OBJC_ROOT_CLASS = YES_ERROR;
				CLANG_WARN_SUSPICIOUS_MOVE = YES;
				CLANG_WARN_UNREACHABLE_CODE = YES;
				CLANG_WARN__DUPLICATE_METHOD_MATCH = YES;
				"CODE_SIGN_IDENTITY[sdk=iphoneos*]" = "iPhone Developer";
				COPY_PHASE_STRIP = NO;
				DEBUG_INFORMATION_FORMAT = dwarf;
				ENABLE_STRICT_OBJC_MSGSEND = YES;
				ENABLE_TESTABILITY = YES;
				GCC_C_LANGUAGE_STANDARD = gnu99;
				GCC_DYNAMIC_NO_PIC = NO;
				GCC_NO_COMMON_BLOCKS = YES;
				GCC_OPTIMIZATION_LEVEL = 0;
				GCC_PREPROCESSOR_DEFINITIONS = (
					"DEBUG=1",
					"$(inherited)",
				);
				GCC_WARN_64_TO_32_BIT_CONVERSION = YES;
				GCC_WARN_ABOUT_RETURN_TYPE = YES_ERROR;
				GCC_WARN_UNDECLARED_SELECTOR = YES;
				GCC_WARN_UNINITIALIZED_AUTOS = YES_AGGRESSIVE;
				GCC_WARN_UNUSED_FUNCTION = YES;
				GCC_WARN_UNUSED_VARIABLE = YES;
				IPHONEOS_DEPLOYMENT_TARGET = 10.2;
				MTL_ENABLE_DEBUG_INFO = YES;
				ONLY_ACTIVE_ARCH = YES;
				SDKROOT = iphoneos;
				SWIFT_ACTIVE_COMPILATION_CONDITIONS = DEBUG;
				SWIFT_OPTIMIZATION_LEVEL = "-Onone";
				TARGETED_DEVICE_FAMILY = "1,2";
			};
			name = Debug;
		};
		161AE63C1E7B79600038FBE0 /* Release */ = {
			isa = XCBuildConfiguration;
			buildSettings = {
				ALWAYS_SEARCH_USER_PATHS = NO;
				CLANG_ANALYZER_NONNULL = YES;
				CLANG_CXX_LANGUAGE_STANDARD = "gnu++0x";
				CLANG_CXX_LIBRARY = "libc++";
				CLANG_ENABLE_MODULES = YES;
				CLANG_ENABLE_OBJC_ARC = YES;
				CLANG_WARN_BOOL_CONVERSION = YES;
				CLANG_WARN_CONSTANT_CONVERSION = YES;
				CLANG_WARN_DIRECT_OBJC_ISA_USAGE = YES_ERROR;
				CLANG_WARN_DOCUMENTATION_COMMENTS = YES;
				CLANG_WARN_EMPTY_BODY = YES;
				CLANG_WARN_ENUM_CONVERSION = YES;
				CLANG_WARN_INFINITE_RECURSION = YES;
				CLANG_WARN_INT_CONVERSION = YES;
				CLANG_WARN_OBJC_ROOT_CLASS = YES_ERROR;
				CLANG_WARN_SUSPICIOUS_MOVE = YES;
				CLANG_WARN_UNREACHABLE_CODE = YES;
				CLANG_WARN__DUPLICATE_METHOD_MATCH = YES;
				"CODE_SIGN_IDENTITY[sdk=iphoneos*]" = "iPhone Developer";
				COPY_PHASE_STRIP = NO;
				DEBUG_INFORMATION_FORMAT = "dwarf-with-dsym";
				ENABLE_NS_ASSERTIONS = NO;
				ENABLE_STRICT_OBJC_MSGSEND = YES;
				GCC_C_LANGUAGE_STANDARD = gnu99;
				GCC_NO_COMMON_BLOCKS = YES;
				GCC_WARN_64_TO_32_BIT_CONVERSION = YES;
				GCC_WARN_ABOUT_RETURN_TYPE = YES_ERROR;
				GCC_WARN_UNDECLARED_SELECTOR = YES;
				GCC_WARN_UNINITIALIZED_AUTOS = YES_AGGRESSIVE;
				GCC_WARN_UNUSED_FUNCTION = YES;
				GCC_WARN_UNUSED_VARIABLE = YES;
				IPHONEOS_DEPLOYMENT_TARGET = 10.2;
				MTL_ENABLE_DEBUG_INFO = NO;
				SDKROOT = iphoneos;
				SWIFT_OPTIMIZATION_LEVEL = "-Owholemodule";
				TARGETED_DEVICE_FAMILY = "1,2";
				VALIDATE_PRODUCT = YES;
			};
			name = Release;
		};
		161AE63E1E7B79600038FBE0 /* Debug */ = {
			isa = XCBuildConfiguration;
			buildSettings = {
				ASSETCATALOG_COMPILER_APPICON_NAME = AppIcon;
				FRAMEWORK_SEARCH_PATHS = (
					"$(inherited)",
					"$(PROJECT_DIR)/Carthage/Build/iOS",
					"$(PROJECT_DIR)/Frameworks/Carthage/Build/iOS",
				);
				INFOPLIST_FILE = TodoApp/Info.plist;
				LD_RUNPATH_SEARCH_PATHS = "$(inherited) @executable_path/Frameworks";
				PRODUCT_BUNDLE_IDENTIFIER = com.alexdrone.TodoApp;
				PRODUCT_NAME = "$(TARGET_NAME)";
				SWIFT_VERSION = 3.0;
			};
			name = Debug;
		};
		161AE63F1E7B79600038FBE0 /* Release */ = {
			isa = XCBuildConfiguration;
			buildSettings = {
				ASSETCATALOG_COMPILER_APPICON_NAME = AppIcon;
				FRAMEWORK_SEARCH_PATHS = (
					"$(inherited)",
					"$(PROJECT_DIR)/Carthage/Build/iOS",
					"$(PROJECT_DIR)/Frameworks/Carthage/Build/iOS",
				);
				INFOPLIST_FILE = TodoApp/Info.plist;
				LD_RUNPATH_SEARCH_PATHS = "$(inherited) @executable_path/Frameworks";
				PRODUCT_BUNDLE_IDENTIFIER = com.alexdrone.TodoApp;
				PRODUCT_NAME = "$(TARGET_NAME)";
				SWIFT_VERSION = 3.0;
			};
			name = Release;
		};
/* End XCBuildConfiguration section */

/* Begin XCConfigurationList section */
		161AE6261E7B79600038FBE0 /* Build configuration list for PBXProject "TodoApp" */ = {
			isa = XCConfigurationList;
			buildConfigurations = (
				161AE63B1E7B79600038FBE0 /* Debug */,
				161AE63C1E7B79600038FBE0 /* Release */,
			);
			defaultConfigurationIsVisible = 0;
			defaultConfigurationName = Release;
		};
		161AE63D1E7B79600038FBE0 /* Build configuration list for PBXNativeTarget "TodoApp" */ = {
			isa = XCConfigurationList;
			buildConfigurations = (
				161AE63E1E7B79600038FBE0 /* Debug */,
				161AE63F1E7B79600038FBE0 /* Release */,
			);
			defaultConfigurationIsVisible = 0;
			defaultConfigurationName = Release;
		};
/* End XCConfigurationList section */
	};
	rootObject = 161AE6231E7B79600038FBE0 /* Project object */;
}
