// !$*UTF8*$!
{
	archiveVersion = 1;
	classes = {
	};
	objectVersion = 46;
	objects = {

/* Begin PBXBuildFile section */
		161BFFDE20C5D5050050043A /* RenderInspector.framework in Frameworks */ = {isa = PBXBuildFile; fileRef = 161BFFDA20C5D4DA0050043A /* RenderInspector.framework */; };
		161BFFDF20C5D5050050043A /* RenderInspector.framework in CopyFiles */ = {isa = PBXBuildFile; fileRef = 161BFFDA20C5D4DA0050043A /* RenderInspector.framework */; settings = {ATTRIBUTES = (CodeSignOnCopy, RemoveHeadersOnCopy, ); }; };
		161BFFE420C5D50A0050043A /* RenderNeutrino.framework in Frameworks */ = {isa = PBXBuildFile; fileRef = 161BFFCC20C5D4C90050043A /* RenderNeutrino.framework */; };
		161BFFE520C5D50A0050043A /* RenderNeutrino.framework in CopyFiles */ = {isa = PBXBuildFile; fileRef = 161BFFCC20C5D4C90050043A /* RenderNeutrino.framework */; settings = {ATTRIBUTES = (CodeSignOnCopy, RemoveHeadersOnCopy, ); }; };
		161BFFE920C5D6550050043A /* Transition.swift in Sources */ = {isa = PBXBuildFile; fileRef = 161BFFE820C5D6550050043A /* Transition.swift */; };
		16F0074B20C6982F00AA7D13 /* GettingStartedViewController.swift in Sources */ = {isa = PBXBuildFile; fileRef = 16F0074A20C6982F00AA7D13 /* GettingStartedViewController.swift */; };
		16F0074E20C6AF2300AA7D13 /* NavigationBarAppearance.swift in Sources */ = {isa = PBXBuildFile; fileRef = 16F0074D20C6AF2300AA7D13 /* NavigationBarAppearance.swift */; };
		BF_131930766980 /* CustomNavigationBarViewController.swift in Sources */ = {isa = PBXBuildFile; fileRef = FR_683568823648 /* CustomNavigationBarViewController.swift */; };
		BF_169857128924 /* IndexViewController.swift in Sources */ = {isa = PBXBuildFile; fileRef = FR_470260923585 /* IndexViewController.swift */; };
		BF_184925074330 /* Fps.swift in Sources */ = {isa = PBXBuildFile; fileRef = FR_704033062578 /* Fps.swift */; };
		BF_189312076695 /* S.generated.swift in Sources */ = {isa = PBXBuildFile; fileRef = FR_883217212053 /* S.generated.swift */; };
		BF_204682057333 /* TransitionDemo.swift in Sources */ = {isa = PBXBuildFile; fileRef = FR_221347590542 /* TransitionDemo.swift */; };
		BF_209943700757 /* Random.swift in Sources */ = {isa = PBXBuildFile; fileRef = FR_890466402669 /* Random.swift */; };
		BF_217982797616 /* LaunchScreen.storyboard in Resources */ = {isa = PBXBuildFile; fileRef = VG_226473954669 /* LaunchScreen.storyboard */; };
		BF_256362821235 /* counter.yaml in Resources */ = {isa = PBXBuildFile; fileRef = FR_124993056784 /* counter.yaml */; };
		BF_266817845390 /* AppStoreEntryViewController.swift in Sources */ = {isa = PBXBuildFile; fileRef = FR_526934815012 /* AppStoreEntryViewController.swift */; };
		BF_268308416075 /* Counter.swift in Sources */ = {isa = PBXBuildFile; fileRef = FR_239605705680 /* Counter.swift */; };
		BF_363246860495 /* StylesheetCounterViewController.swift in Sources */ = {isa = PBXBuildFile; fileRef = FR_862165924226 /* StylesheetCounterViewController.swift */; };
		BF_363894791201 /* stylesheet.yaml in Resources */ = {isa = PBXBuildFile; fileRef = FR_312986845120 /* stylesheet.yaml */; };
		BF_425362884447 /* FeedTableViewController.swift in Sources */ = {isa = PBXBuildFile; fileRef = FR_367311132164 /* FeedTableViewController.swift */; };
		BF_434401385517 /* SinglePostViewController.swift in Sources */ = {isa = PBXBuildFile; fileRef = FR_572139600192 /* SinglePostViewController.swift */; };
		BF_543775612295 /* post.yaml in Resources */ = {isa = PBXBuildFile; fileRef = FR_221332576788 /* post.yaml */; };
		BF_548895302724 /* SimpleCounterViewController.swift in Sources */ = {isa = PBXBuildFile; fileRef = FR_789827441295 /* SimpleCounterViewController.swift */; };
		BF_566748625224 /* Index.swift in Sources */ = {isa = PBXBuildFile; fileRef = FR_317116376244 /* Index.swift */; };
		BF_574251219103 /* Assets.xcassets in Resources */ = {isa = PBXBuildFile; fileRef = FR_424222847793 /* Assets.xcassets */; };
		BF_687969282453 /* track.yaml in Resources */ = {isa = PBXBuildFile; fileRef = FR_843976053877 /* track.yaml */; };
		BF_796159198434 /* CustomNavigationBar.swift in Sources */ = {isa = PBXBuildFile; fileRef = FR_834746799252 /* CustomNavigationBar.swift */; };
		BF_798631901811 /* FacebookPost.swift in Sources */ = {isa = PBXBuildFile; fileRef = FR_533102815339 /* FacebookPost.swift */; };
		BF_838261594587 /* GettingStarted.swift in Sources */ = {isa = PBXBuildFile; fileRef = FR_323658980827 /* GettingStarted.swift */; };
		BF_841901776129 /* Polygon.swift in Sources */ = {isa = PBXBuildFile; fileRef = FR_523441024908 /* Polygon.swift */; };
		BF_860543052156 /* AppDelegate.swift in Sources */ = {isa = PBXBuildFile; fileRef = FR_160759243113 /* AppDelegate.swift */; };
		BF_877098826798 /* AppStoreEntry.swift in Sources */ = {isa = PBXBuildFile; fileRef = FR_337600039455 /* AppStoreEntry.swift */; };
		BF_917786313219 /* simplecounter.yaml in Resources */ = {isa = PBXBuildFile; fileRef = FR_439536341755 /* simplecounter.yaml */; };
/* End PBXBuildFile section */

/* Begin PBXContainerItemProxy section */
		161BFFCB20C5D4C90050043A /* PBXContainerItemProxy */ = {
			isa = PBXContainerItemProxy;
			containerPortal = 161BFFC620C5D4C80050043A /* Render.xcodeproj */;
			proxyType = 2;
			remoteGlobalIDString = FR_699701780932;
			remoteInfo = RenderNeutrino;
		};
		161BFFCD20C5D4C90050043A /* PBXContainerItemProxy */ = {
			isa = PBXContainerItemProxy;
			containerPortal = 161BFFC620C5D4C80050043A /* Render.xcodeproj */;
			proxyType = 2;
			remoteGlobalIDString = FR_479945003232;
			remoteInfo = Test;
		};
		161BFFD920C5D4DA0050043A /* PBXContainerItemProxy */ = {
			isa = PBXContainerItemProxy;
			containerPortal = 161BFFD520C5D4DA0050043A /* RenderInspector.xcodeproj */;
			proxyType = 2;
			remoteGlobalIDString = FR_115395668841;
			remoteInfo = RenderInspector;
		};
		161BFFE020C5D5050050043A /* PBXContainerItemProxy */ = {
			isa = PBXContainerItemProxy;
			containerPortal = 161BFFD520C5D4DA0050043A /* RenderInspector.xcodeproj */;
			proxyType = 1;
			remoteGlobalIDString = NT_115395668841;
			remoteInfo = RenderInspector;
		};
		161BFFE620C5D50A0050043A /* PBXContainerItemProxy */ = {
			isa = PBXContainerItemProxy;
			containerPortal = 161BFFC620C5D4C80050043A /* Render.xcodeproj */;
			proxyType = 1;
			remoteGlobalIDString = NT_699701780932;
			remoteInfo = RenderNeutrino;
		};
/* End PBXContainerItemProxy section */

/* Begin PBXCopyFilesBuildPhase section */
		CFBP_3642946365 /* CopyFiles */ = {
			isa = PBXCopyFilesBuildPhase;
			buildActionMask = 2147483647;
			dstPath = "";
			dstSubfolderSpec = 10;
			files = (
				161BFFE520C5D50A0050043A /* RenderNeutrino.framework in CopyFiles */,
				161BFFDF20C5D5050050043A /* RenderInspector.framework in CopyFiles */,
			);
			runOnlyForDeploymentPostprocessing = 0;
		};
/* End PBXCopyFilesBuildPhase section */

/* Begin PBXFileReference section */
		161BFFC620C5D4C80050043A /* Render.xcodeproj */ = {isa = PBXFileReference; lastKnownFileType = "wrapper.pb-project"; name = Render.xcodeproj; path = ../Render.xcodeproj; sourceTree = "<group>"; };
		161BFFD520C5D4DA0050043A /* RenderInspector.xcodeproj */ = {isa = PBXFileReference; lastKnownFileType = "wrapper.pb-project"; name = RenderInspector.xcodeproj; path = ../tools/src/inspector/RenderInspector.xcodeproj; sourceTree = "<group>"; };
		161BFFE820C5D6550050043A /* Transition.swift */ = {isa = PBXFileReference; lastKnownFileType = sourcecode.swift; path = Transition.swift; sourceTree = "<group>"; };
		16F0074A20C6982F00AA7D13 /* GettingStartedViewController.swift */ = {isa = PBXFileReference; lastKnownFileType = sourcecode.swift; path = GettingStartedViewController.swift; sourceTree = "<group>"; };
		16F0074D20C6AF2300AA7D13 /* NavigationBarAppearance.swift */ = {isa = PBXFileReference; lastKnownFileType = sourcecode.swift; path = NavigationBarAppearance.swift; sourceTree = "<group>"; };
		FR_124993056784 /* counter.yaml */ = {isa = PBXFileReference; lastKnownFileType = text; path = counter.yaml; sourceTree = "<group>"; };
		FR_160759243113 /* AppDelegate.swift */ = {isa = PBXFileReference; lastKnownFileType = sourcecode.swift; path = AppDelegate.swift; sourceTree = "<group>"; };
		FR_172965231173 /* RenderCatalog.app */ = {isa = PBXFileReference; explicitFileType = wrapper.application; includeInIndex = 0; path = RenderCatalog.app; sourceTree = BUILT_PRODUCTS_DIR; };
		FR_221332576788 /* post.yaml */ = {isa = PBXFileReference; lastKnownFileType = text; path = post.yaml; sourceTree = "<group>"; };
		FR_221347590542 /* TransitionDemo.swift */ = {isa = PBXFileReference; lastKnownFileType = sourcecode.swift; path = TransitionDemo.swift; sourceTree = "<group>"; };
		FR_226473954669 /* Base */ = {isa = PBXFileReference; lastKnownFileType = file.storyboard; name = Base; path = Base.lproj/LaunchScreen.storyboard; sourceTree = "<group>"; };
		FR_239605705680 /* Counter.swift */ = {isa = PBXFileReference; lastKnownFileType = sourcecode.swift; path = Counter.swift; sourceTree = "<group>"; };
		FR_312986845120 /* stylesheet.yaml */ = {isa = PBXFileReference; lastKnownFileType = text; path = stylesheet.yaml; sourceTree = "<group>"; };
		FR_317116376244 /* Index.swift */ = {isa = PBXFileReference; lastKnownFileType = sourcecode.swift; path = Index.swift; sourceTree = "<group>"; };
		FR_323658980827 /* GettingStarted.swift */ = {isa = PBXFileReference; lastKnownFileType = sourcecode.swift; path = GettingStarted.swift; sourceTree = "<group>"; };
		FR_337600039455 /* AppStoreEntry.swift */ = {isa = PBXFileReference; lastKnownFileType = sourcecode.swift; path = AppStoreEntry.swift; sourceTree = "<group>"; };
		FR_367311132164 /* FeedTableViewController.swift */ = {isa = PBXFileReference; lastKnownFileType = sourcecode.swift; path = FeedTableViewController.swift; sourceTree = "<group>"; };
		FR_424222847793 /* Assets.xcassets */ = {isa = PBXFileReference; lastKnownFileType = folder.assetcatalog; path = Assets.xcassets; sourceTree = "<group>"; };
		FR_439536341755 /* simplecounter.yaml */ = {isa = PBXFileReference; lastKnownFileType = text; path = simplecounter.yaml; sourceTree = "<group>"; };
		FR_456968685412 /* Info.plist */ = {isa = PBXFileReference; lastKnownFileType = text.plist.xml; path = Info.plist; sourceTree = "<group>"; };
		FR_470260923585 /* IndexViewController.swift */ = {isa = PBXFileReference; lastKnownFileType = sourcecode.swift; path = IndexViewController.swift; sourceTree = "<group>"; };
		FR_523441024908 /* Polygon.swift */ = {isa = PBXFileReference; lastKnownFileType = sourcecode.swift; path = Polygon.swift; sourceTree = "<group>"; };
		FR_526934815012 /* AppStoreEntryViewController.swift */ = {isa = PBXFileReference; lastKnownFileType = sourcecode.swift; path = AppStoreEntryViewController.swift; sourceTree = "<group>"; };
		FR_533102815339 /* FacebookPost.swift */ = {isa = PBXFileReference; lastKnownFileType = sourcecode.swift; path = FacebookPost.swift; sourceTree = "<group>"; };
		FR_572139600192 /* SinglePostViewController.swift */ = {isa = PBXFileReference; lastKnownFileType = sourcecode.swift; path = SinglePostViewController.swift; sourceTree = "<group>"; };
		FR_683568823648 /* CustomNavigationBarViewController.swift */ = {isa = PBXFileReference; lastKnownFileType = sourcecode.swift; path = CustomNavigationBarViewController.swift; sourceTree = "<group>"; };
		FR_704033062578 /* Fps.swift */ = {isa = PBXFileReference; lastKnownFileType = sourcecode.swift; path = Fps.swift; sourceTree = "<group>"; };
		FR_789827441295 /* SimpleCounterViewController.swift */ = {isa = PBXFileReference; lastKnownFileType = sourcecode.swift; path = SimpleCounterViewController.swift; sourceTree = "<group>"; };
		FR_834746799252 /* CustomNavigationBar.swift */ = {isa = PBXFileReference; lastKnownFileType = sourcecode.swift; path = CustomNavigationBar.swift; sourceTree = "<group>"; };
		FR_843976053877 /* track.yaml */ = {isa = PBXFileReference; lastKnownFileType = text; path = track.yaml; sourceTree = "<group>"; };
		FR_862165924226 /* StylesheetCounterViewController.swift */ = {isa = PBXFileReference; lastKnownFileType = sourcecode.swift; path = StylesheetCounterViewController.swift; sourceTree = "<group>"; };
		FR_883217212053 /* S.generated.swift */ = {isa = PBXFileReference; lastKnownFileType = sourcecode.swift; path = S.generated.swift; sourceTree = "<group>"; };
		FR_890466402669 /* Random.swift */ = {isa = PBXFileReference; lastKnownFileType = sourcecode.swift; path = Random.swift; sourceTree = "<group>"; };
/* End PBXFileReference section */

/* Begin PBXFrameworksBuildPhase section */
		FBP_17296523117 /* Frameworks */ = {
			isa = PBXFrameworksBuildPhase;
			buildActionMask = 2147483647;
			files = (
				161BFFE420C5D50A0050043A /* RenderNeutrino.framework in Frameworks */,
				161BFFDE20C5D5050050043A /* RenderInspector.framework in Frameworks */,
			);
			runOnlyForDeploymentPostprocessing = 0;
		};
/* End PBXFrameworksBuildPhase section */

/* Begin PBXGroup section */
		161BFFC720C5D4C80050043A /* Products */ = {
			isa = PBXGroup;
			children = (
				161BFFCC20C5D4C90050043A /* RenderNeutrino.framework */,
				161BFFCE20C5D4C90050043A /* Test.xctest */,
			);
			name = Products;
			sourceTree = "<group>";
		};
		161BFFD620C5D4DA0050043A /* Products */ = {
			isa = PBXGroup;
			children = (
				161BFFDA20C5D4DA0050043A /* RenderInspector.framework */,
			);
			name = Products;
			sourceTree = "<group>";
		};
		G_1952740716080 /* Frameworks */ = {
			isa = PBXGroup;
			children = (
				161BFFD520C5D4DA0050043A /* RenderInspector.xcodeproj */,
				161BFFC620C5D4C80050043A /* Render.xcodeproj */,
			);
			name = Frameworks;
			sourceTree = "<group>";
		};
		G_3405035849531 /* stylesheet */ = {
			isa = PBXGroup;
			children = (
				G_3838248854729 /* components */,
				FR_883217212053 /* S.generated.swift */,
				FR_312986845120 /* stylesheet.yaml */,
			);
			path = stylesheet;
			sourceTree = "<group>";
		};
		G_3838248854729 /* components */ = {
			isa = PBXGroup;
			children = (
				FR_124993056784 /* counter.yaml */,
				FR_221332576788 /* post.yaml */,
				FR_439536341755 /* simplecounter.yaml */,
				FR_843976053877 /* track.yaml */,
			);
			path = components;
			sourceTree = "<group>";
		};
		G_4799450059734 /* src */ = {
			isa = PBXGroup;
			children = (
				G_4854507605558 /* components */,
				G_8252252978092 /* etc */,
				G_3405035849531 /* stylesheet */,
				G_8252252976689 /* vcs */,
				FR_160759243113 /* AppDelegate.swift */,
				FR_424222847793 /* Assets.xcassets */,
				FR_456968685412 /* Info.plist */,
				VG_226473954669 /* LaunchScreen.storyboard */,
			);
			path = src;
			sourceTree = "<group>";
		};
		G_4854507605558 /* components */ = {
			isa = PBXGroup;
			children = (
				FR_337600039455 /* AppStoreEntry.swift */,
				FR_239605705680 /* Counter.swift */,
				FR_834746799252 /* CustomNavigationBar.swift */,
				FR_533102815339 /* FacebookPost.swift */,
				FR_317116376244 /* Index.swift */,
				FR_323658980827 /* GettingStarted.swift */,
				161BFFE820C5D6550050043A /* Transition.swift */,
			);
			path = components;
			sourceTree = "<group>";
		};
		G_8252252976689 /* vcs */ = {
			isa = PBXGroup;
			children = (
				FR_526934815012 /* AppStoreEntryViewController.swift */,
				FR_683568823648 /* CustomNavigationBarViewController.swift */,
				FR_367311132164 /* FeedTableViewController.swift */,
				16F0074A20C6982F00AA7D13 /* GettingStartedViewController.swift */,
				FR_470260923585 /* IndexViewController.swift */,
				FR_789827441295 /* SimpleCounterViewController.swift */,
				FR_572139600192 /* SinglePostViewController.swift */,
				FR_862165924226 /* StylesheetCounterViewController.swift */,
				FR_221347590542 /* TransitionDemo.swift */,
				16F0074D20C6AF2300AA7D13 /* NavigationBarAppearance.swift */,
			);
			path = vcs;
			sourceTree = "<group>";
		};
		G_8252252978092 /* etc */ = {
			isa = PBXGroup;
			children = (
				FR_704033062578 /* Fps.swift */,
				FR_890466402669 /* Random.swift */,
				FR_523441024908 /* Polygon.swift */,
			);
			path = etc;
			sourceTree = "<group>";
		};
		G_8448771205358 = {
			isa = PBXGroup;
			children = (
				G_1952740716080 /* Frameworks */,
				G_8620238527590 /* Products */,
				G_4799450059734 /* src */,
			);
			sourceTree = "<group>";
		};
		G_8620238527590 /* Products */ = {
			isa = PBXGroup;
			children = (
				FR_172965231173 /* RenderCatalog.app */,
			);
			name = Products;
			sourceTree = "<group>";
		};
/* End PBXGroup section */

/* Begin PBXNativeTarget section */
		NT_172965231173 /* RenderCatalog */ = {
			isa = PBXNativeTarget;
			buildConfigurationList = "CL_172965231173-1" /* Build configuration list for PBXNativeTarget "RenderCatalog" */;
			buildPhases = (
				SBP_17296523117 /* Sources */,
				RBP_17296523117 /* Resources */,
				FBP_17296523117 /* Frameworks */,
				CFBP_3642946365 /* CopyFiles */,
			);
			buildRules = (
			);
			dependencies = (
				161BFFE120C5D5050050043A /* PBXTargetDependency */,
				161BFFE720C5D50A0050043A /* PBXTargetDependency */,
			);
			name = RenderCatalog;
			productName = RenderCatalog;
			productReference = FR_172965231173 /* RenderCatalog.app */;
			productType = "com.apple.product-type.application";
		};
/* End PBXNativeTarget section */

/* Begin PBXProject section */
		P_1729652311735 /* Project object */ = {
			isa = PBXProject;
			attributes = {
				LastUpgradeCheck = 0930;
				TargetAttributes = {
					NT_172965231173 = {
						DevelopmentTeam = 9Z67YL2L6Z;
					};
				};
			};
			buildConfigurationList = CL_172965231173 /* Build configuration list for PBXProject "RenderCatalog" */;
			compatibilityVersion = "Xcode 3.2";
			developmentRegion = en;
			hasScannedForEncodings = 0;
			knownRegions = (
				Base,
			);
			mainGroup = G_8448771205358;
			projectDirPath = "";
			projectReferences = (
				{
					ProductGroup = 161BFFC720C5D4C80050043A /* Products */;
					ProjectRef = 161BFFC620C5D4C80050043A /* Render.xcodeproj */;
				},
				{
					ProductGroup = 161BFFD620C5D4DA0050043A /* Products */;
					ProjectRef = 161BFFD520C5D4DA0050043A /* RenderInspector.xcodeproj */;
				},
			);
			projectRoot = "";
			targets = (
				NT_172965231173 /* RenderCatalog */,
			);
		};
/* End PBXProject section */

/* Begin PBXReferenceProxy section */
		161BFFCC20C5D4C90050043A /* RenderNeutrino.framework */ = {
			isa = PBXReferenceProxy;
			fileType = wrapper.framework;
			path = RenderNeutrino.framework;
			remoteRef = 161BFFCB20C5D4C90050043A /* PBXContainerItemProxy */;
			sourceTree = BUILT_PRODUCTS_DIR;
		};
		161BFFCE20C5D4C90050043A /* Test.xctest */ = {
			isa = PBXReferenceProxy;
			fileType = wrapper.cfbundle;
			path = Test.xctest;
			remoteRef = 161BFFCD20C5D4C90050043A /* PBXContainerItemProxy */;
			sourceTree = BUILT_PRODUCTS_DIR;
		};
		161BFFDA20C5D4DA0050043A /* RenderInspector.framework */ = {
			isa = PBXReferenceProxy;
			fileType = wrapper.framework;
			path = RenderInspector.framework;
			remoteRef = 161BFFD920C5D4DA0050043A /* PBXContainerItemProxy */;
			sourceTree = BUILT_PRODUCTS_DIR;
		};
/* End PBXReferenceProxy section */

/* Begin PBXResourcesBuildPhase section */
		RBP_17296523117 /* Resources */ = {
			isa = PBXResourcesBuildPhase;
			buildActionMask = 2147483647;
			files = (
				BF_574251219103 /* Assets.xcassets in Resources */,
				BF_217982797616 /* LaunchScreen.storyboard in Resources */,
				BF_256362821235 /* counter.yaml in Resources */,
				BF_543775612295 /* post.yaml in Resources */,
				BF_917786313219 /* simplecounter.yaml in Resources */,
				BF_363894791201 /* stylesheet.yaml in Resources */,
				BF_687969282453 /* track.yaml in Resources */,
			);
			runOnlyForDeploymentPostprocessing = 0;
		};
/* End PBXResourcesBuildPhase section */

/* Begin PBXSourcesBuildPhase section */
		SBP_17296523117 /* Sources */ = {
			isa = PBXSourcesBuildPhase;
			buildActionMask = 2147483647;
			files = (
				BF_860543052156 /* AppDelegate.swift in Sources */,
				BF_877098826798 /* AppStoreEntry.swift in Sources */,
				BF_266817845390 /* AppStoreEntryViewController.swift in Sources */,
				16F0074E20C6AF2300AA7D13 /* NavigationBarAppearance.swift in Sources */,
				16F0074B20C6982F00AA7D13 /* GettingStartedViewController.swift in Sources */,
				BF_268308416075 /* Counter.swift in Sources */,
				BF_796159198434 /* CustomNavigationBar.swift in Sources */,
				BF_131930766980 /* CustomNavigationBarViewController.swift in Sources */,
				BF_798631901811 /* FacebookPost.swift in Sources */,
				BF_425362884447 /* FeedTableViewController.swift in Sources */,
				BF_184925074330 /* Fps.swift in Sources */,
				BF_566748625224 /* Index.swift in Sources */,
				161BFFE920C5D6550050043A /* Transition.swift in Sources */,
				BF_169857128924 /* IndexViewController.swift in Sources */,
				BF_209943700757 /* Random.swift in Sources */,
				BF_189312076695 /* S.generated.swift in Sources */,
				BF_841901776129 /* Polygon.swift in Sources */,
				BF_838261594587 /* GettingStarted.swift in Sources */,
				BF_548895302724 /* SimpleCounterViewController.swift in Sources */,
				BF_434401385517 /* SinglePostViewController.swift in Sources */,
				BF_363246860495 /* StylesheetCounterViewController.swift in Sources */,
				BF_204682057333 /* TransitionDemo.swift in Sources */,
			);
			runOnlyForDeploymentPostprocessing = 0;
		};
/* End PBXSourcesBuildPhase section */

/* Begin PBXTargetDependency section */
		161BFFE120C5D5050050043A /* PBXTargetDependency */ = {
			isa = PBXTargetDependency;
			name = RenderInspector;
			targetProxy = 161BFFE020C5D5050050043A /* PBXContainerItemProxy */;
		};
		161BFFE720C5D50A0050043A /* PBXTargetDependency */ = {
			isa = PBXTargetDependency;
			name = RenderNeutrino;
			targetProxy = 161BFFE620C5D50A0050043A /* PBXContainerItemProxy */;
		};
/* End PBXTargetDependency section */

/* Begin PBXVariantGroup section */
		VG_226473954669 /* LaunchScreen.storyboard */ = {
			isa = PBXVariantGroup;
			children = (
				FR_226473954669 /* Base */,
			);
			name = LaunchScreen.storyboard;
			sourceTree = "<group>";
		};
/* End PBXVariantGroup section */

/* Begin XCBuildConfiguration section */
		BC_309570862232 /* Debug */ = {
			isa = XCBuildConfiguration;
			buildSettings = {
				ALWAYS_EMBED_SWIFT_STANDARD_LIBRARIES = YES;
				ASSETCATALOG_COMPILER_APPICON_NAME = AppIcon;
				"CODE_SIGN_IDENTITY[sdk=iphoneos*]" = "iPhone Developer";
				DEVELOPMENT_TEAM = 9Z67YL2L6Z;
				FRAMEWORK_SEARCH_PATHS = ../bin/;
				INFOPLIST_FILE = src/Info.plist;
				INFOPLIST_PREPROCESS = YES;
				IPHONEOS_DEPLOYMENT_TARGET = 10.0;
				LD_RUNPATH_SEARCH_PATHS = "$(inherited) @executable_path/Frameworks";
				PRODUCT_BUNDLE_IDENTIFIER = io.alexdrone.RenderCatalog.RenderCatalog;
				SDKROOT = iphoneos;
				TARGETED_DEVICE_FAMILY = "1,2";
			};
			name = Debug;
		};
		BC_479945831424 /* Debug */ = {
			isa = XCBuildConfiguration;
			buildSettings = {
				ALWAYS_SEARCH_USER_PATHS = NO;
				CLANG_ANALYZER_NONNULL = YES;
				CLANG_ANALYZER_NUMBER_OBJECT_CONVERSION = YES_AGGRESSIVE;
				CLANG_CXX_LANGUAGE_STANDARD = "gnu++14";
				CLANG_CXX_LIBRARY = "libc++";
				CLANG_ENABLE_MODULES = YES;
				CLANG_ENABLE_OBJC_ARC = YES;
				CLANG_WARN_BLOCK_CAPTURE_AUTORELEASING = YES;
				CLANG_WARN_BOOL_CONVERSION = YES;
				CLANG_WARN_COMMA = YES;
				CLANG_WARN_CONSTANT_CONVERSION = YES;
				CLANG_WARN_DEPRECATED_OBJC_IMPLEMENTATIONS = YES;
				CLANG_WARN_DIRECT_OBJC_ISA_USAGE = YES_ERROR;
				CLANG_WARN_DOCUMENTATION_COMMENTS = YES;
				CLANG_WARN_EMPTY_BODY = YES;
				CLANG_WARN_ENUM_CONVERSION = YES;
				CLANG_WARN_INFINITE_RECURSION = YES;
				CLANG_WARN_INT_CONVERSION = YES;
				CLANG_WARN_NON_LITERAL_NULL_CONVERSION = YES;
				CLANG_WARN_OBJC_IMPLICIT_RETAIN_SELF = YES;
				CLANG_WARN_OBJC_LITERAL_CONVERSION = YES;
				CLANG_WARN_OBJC_ROOT_CLASS = YES_ERROR;
				CLANG_WARN_RANGE_LOOP_ANALYSIS = YES;
				CLANG_WARN_STRICT_PROTOTYPES = YES;
				CLANG_WARN_SUSPICIOUS_MOVE = YES;
				CLANG_WARN_UNGUARDED_AVAILABILITY = YES_AGGRESSIVE;
				CLANG_WARN_UNREACHABLE_CODE = YES;
				CLANG_WARN__DUPLICATE_METHOD_MATCH = YES;
				COPY_PHASE_STRIP = NO;
				DEBUG_INFORMATION_FORMAT = dwarf;
				ENABLE_STRICT_OBJC_MSGSEND = YES;
				ENABLE_TESTABILITY = YES;
				GCC_C_LANGUAGE_STANDARD = gnu11;
				GCC_DYNAMIC_NO_PIC = NO;
				GCC_NO_COMMON_BLOCKS = YES;
				GCC_OPTIMIZATION_LEVEL = 0;
				GCC_PREPROCESSOR_DEFINITIONS = (
					"$(inherited)",
					"DEBUG=1",
				);
				GCC_WARN_64_TO_32_BIT_CONVERSION = YES;
				GCC_WARN_ABOUT_RETURN_TYPE = YES_ERROR;
				GCC_WARN_UNDECLARED_SELECTOR = YES;
				GCC_WARN_UNINITIALIZED_AUTOS = YES_AGGRESSIVE;
				GCC_WARN_UNUSED_FUNCTION = YES;
				GCC_WARN_UNUSED_VARIABLE = YES;
				MTL_ENABLE_DEBUG_INFO = YES;
				ONLY_ACTIVE_ARCH = YES;
				PRODUCT_NAME = "$(TARGET_NAME)";
				SWIFT_ACTIVE_COMPILATION_CONDITIONS = DEBUG;
				SWIFT_OPTIMIZATION_LEVEL = "-Onone";
				SWIFT_VERSION = 4.0;
			};
			name = Debug;
		};
		BC_494651464775 /* Release */ = {
			isa = XCBuildConfiguration;
			buildSettings = {
				ALWAYS_EMBED_SWIFT_STANDARD_LIBRARIES = YES;
				ASSETCATALOG_COMPILER_APPICON_NAME = AppIcon;
				"CODE_SIGN_IDENTITY[sdk=iphoneos*]" = "iPhone Developer";
				DEVELOPMENT_TEAM = 9Z67YL2L6Z;
				FRAMEWORK_SEARCH_PATHS = ../bin/;
				INFOPLIST_FILE = src/Info.plist;
				INFOPLIST_PREPROCESS = YES;
				IPHONEOS_DEPLOYMENT_TARGET = 10.0;
				LD_RUNPATH_SEARCH_PATHS = "$(inherited) @executable_path/Frameworks";
				PRODUCT_BUNDLE_IDENTIFIER = io.alexdrone.RenderCatalog.RenderCatalog;
				SDKROOT = iphoneos;
				TARGETED_DEVICE_FAMILY = "1,2";
			};
			name = Release;
		};
		BC_881114754245 /* Release */ = {
			isa = XCBuildConfiguration;
			buildSettings = {
				ALWAYS_SEARCH_USER_PATHS = NO;
				CLANG_ANALYZER_NONNULL = YES;
				CLANG_ANALYZER_NUMBER_OBJECT_CONVERSION = YES_AGGRESSIVE;
				CLANG_CXX_LANGUAGE_STANDARD = "gnu++14";
				CLANG_CXX_LIBRARY = "libc++";
				CLANG_ENABLE_MODULES = YES;
				CLANG_ENABLE_OBJC_ARC = YES;
				CLANG_WARN_BLOCK_CAPTURE_AUTORELEASING = YES;
				CLANG_WARN_BOOL_CONVERSION = YES;
				CLANG_WARN_COMMA = YES;
				CLANG_WARN_CONSTANT_CONVERSION = YES;
				CLANG_WARN_DEPRECATED_OBJC_IMPLEMENTATIONS = YES;
				CLANG_WARN_DIRECT_OBJC_ISA_USAGE = YES_ERROR;
				CLANG_WARN_DOCUMENTATION_COMMENTS = YES;
				CLANG_WARN_EMPTY_BODY = YES;
				CLANG_WARN_ENUM_CONVERSION = YES;
				CLANG_WARN_INFINITE_RECURSION = YES;
				CLANG_WARN_INT_CONVERSION = YES;
				CLANG_WARN_NON_LITERAL_NULL_CONVERSION = YES;
				CLANG_WARN_OBJC_IMPLICIT_RETAIN_SELF = YES;
				CLANG_WARN_OBJC_LITERAL_CONVERSION = YES;
				CLANG_WARN_OBJC_ROOT_CLASS = YES_ERROR;
				CLANG_WARN_RANGE_LOOP_ANALYSIS = YES;
				CLANG_WARN_STRICT_PROTOTYPES = YES;
				CLANG_WARN_SUSPICIOUS_MOVE = YES;
				CLANG_WARN_UNGUARDED_AVAILABILITY = YES_AGGRESSIVE;
				CLANG_WARN_UNREACHABLE_CODE = YES;
				CLANG_WARN__DUPLICATE_METHOD_MATCH = YES;
				COPY_PHASE_STRIP = NO;
				DEBUG_INFORMATION_FORMAT = "dwarf-with-dsym";
				ENABLE_NS_ASSERTIONS = NO;
				ENABLE_STRICT_OBJC_MSGSEND = YES;
				GCC_C_LANGUAGE_STANDARD = gnu11;
				GCC_NO_COMMON_BLOCKS = YES;
				GCC_WARN_64_TO_32_BIT_CONVERSION = YES;
				GCC_WARN_ABOUT_RETURN_TYPE = YES_ERROR;
				GCC_WARN_UNDECLARED_SELECTOR = YES;
				GCC_WARN_UNINITIALIZED_AUTOS = YES_AGGRESSIVE;
				GCC_WARN_UNUSED_FUNCTION = YES;
				GCC_WARN_UNUSED_VARIABLE = YES;
				PRODUCT_NAME = "$(TARGET_NAME)";
				SWIFT_OPTIMIZATION_LEVEL = "-Owholemodule";
				SWIFT_VERSION = 4.0;
				VALIDATE_PRODUCT = YES;
			};
			name = Release;
		};
/* End XCBuildConfiguration section */

/* Begin XCConfigurationList section */
		CL_172965231173 /* Build configuration list for PBXProject "RenderCatalog" */ = {
			isa = XCConfigurationList;
			buildConfigurations = (
				BC_479945831424 /* Debug */,
				BC_881114754245 /* Release */,
			);
			defaultConfigurationIsVisible = 0;
			defaultConfigurationName = Debug;
		};
		"CL_172965231173-1" /* Build configuration list for PBXNativeTarget "RenderCatalog" */ = {
			isa = XCConfigurationList;
			buildConfigurations = (
				BC_309570862232 /* Debug */,
				BC_494651464775 /* Release */,
			);
			defaultConfigurationIsVisible = 0;
			defaultConfigurationName = "";
		};
/* End XCConfigurationList section */
	};
	rootObject = P_1729652311735 /* Project object */;
}
