// !$*UTF8*$!
{
	archiveVersion = 1;
	classes = {
	};
	objectVersion = 50;
	objects = {

/* Begin PBXBuildFile section */
		16405DB020F36F4F006071CC /* AppDelegate.swift in Sources */ = {isa = PBXBuildFile; fileRef = 16405DAF20F36F4F006071CC /* AppDelegate.swift */; };
		16405DB220F36F4F006071CC /* ViewController.swift in Sources */ = {isa = PBXBuildFile; fileRef = 16405DB120F36F4F006071CC /* ViewController.swift */; };
		16405DB520F36F4F006071CC /* Main.storyboard in Resources */ = {isa = PBXBuildFile; fileRef = 16405DB320F36F4F006071CC /* Main.storyboard */; };
		16405DB720F36F50006071CC /* Assets.xcassets in Resources */ = {isa = PBXBuildFile; fileRef = 16405DB620F36F50006071CC /* Assets.xcassets */; };
		16405DBA20F36F50006071CC /* LaunchScreen.storyboard in Resources */ = {isa = PBXBuildFile; fileRef = 16405DB820F36F50006071CC /* LaunchScreen.storyboard */; };
		16405DE020F37035006071CC /* CoreRender.framework in Frameworks */ = {isa = PBXBuildFile; fileRef = 16405DDA20F37015006071CC /* CoreRender.framework */; };
		16405DE120F37035006071CC /* CoreRender.framework in Embed Frameworks */ = {isa = PBXBuildFile; fileRef = 16405DDA20F37015006071CC /* CoreRender.framework */; settings = {ATTRIBUTES = (CodeSignOnCopy, RemoveHeadersOnCopy, ); }; };
		1690793A211770A400EE8147 /* CounterExample.swift in Sources */ = {isa = PBXBuildFile; fileRef = 16907939211770A400EE8147 /* CounterExample.swift */; };
/* End PBXBuildFile section */

/* Begin PBXContainerItemProxy section */
		16405DD920F37015006071CC /* PBXContainerItemProxy */ = {
			isa = PBXContainerItemProxy;
			containerPortal = 16405DD420F37015006071CC /* CoreRender.xcodeproj */;
			proxyType = 2;
			remoteGlobalIDString = FR_764490391420;
			remoteInfo = CoreRender;
		};
		16405DDB20F37015006071CC /* PBXContainerItemProxy */ = {
			isa = PBXContainerItemProxy;
			containerPortal = 16405DD420F37015006071CC /* CoreRender.xcodeproj */;
			proxyType = 2;
			remoteGlobalIDString = FR_479945003232;
			remoteInfo = Test;
		};
		16405DE220F37035006071CC /* PBXContainerItemProxy */ = {
			isa = PBXContainerItemProxy;
			containerPortal = 16405DD420F37015006071CC /* CoreRender.xcodeproj */;
			proxyType = 1;
			remoteGlobalIDString = NT_764490391420;
			remoteInfo = CoreRender;
		};
/* End PBXContainerItemProxy section */

/* Begin PBXCopyFilesBuildPhase section */
		16405DE420F37035006071CC /* Embed Frameworks */ = {
			isa = PBXCopyFilesBuildPhase;
			buildActionMask = 2147483647;
			dstPath = "";
			dstSubfolderSpec = 10;
			files = (
				16405DE120F37035006071CC /* CoreRender.framework in Embed Frameworks */,
			);
			name = "Embed Frameworks";
			runOnlyForDeploymentPostprocessing = 0;
		};
/* End PBXCopyFilesBuildPhase section */

/* Begin PBXFileReference section */
		16405DAC20F36F4F006071CC /* CoreRenderDemo.app */ = {isa = PBXFileReference; explicitFileType = wrapper.application; includeInIndex = 0; path = CoreRenderDemo.app; sourceTree = BUILT_PRODUCTS_DIR; };
		16405DAF20F36F4F006071CC /* AppDelegate.swift */ = {isa = PBXFileReference; lastKnownFileType = sourcecode.swift; path = AppDelegate.swift; sourceTree = "<group>"; };
		16405DB120F36F4F006071CC /* ViewController.swift */ = {isa = PBXFileReference; lastKnownFileType = sourcecode.swift; path = ViewController.swift; sourceTree = "<group>"; };
		16405DB420F36F4F006071CC /* Base */ = {isa = PBXFileReference; lastKnownFileType = file.storyboard; name = Base; path = Base.lproj/Main.storyboard; sourceTree = "<group>"; };
		16405DB620F36F50006071CC /* Assets.xcassets */ = {isa = PBXFileReference; lastKnownFileType = folder.assetcatalog; path = Assets.xcassets; sourceTree = "<group>"; };
		16405DB920F36F50006071CC /* Base */ = {isa = PBXFileReference; lastKnownFileType = file.storyboard; name = Base; path = Base.lproj/LaunchScreen.storyboard; sourceTree = "<group>"; };
		16405DBB20F36F50006071CC /* Info.plist */ = {isa = PBXFileReference; lastKnownFileType = text.plist.xml; path = Info.plist; sourceTree = "<group>"; };
		16405DD420F37015006071CC /* CoreRender.xcodeproj */ = {isa = PBXFileReference; lastKnownFileType = "wrapper.pb-project"; name = CoreRender.xcodeproj; path = ../CoreRender.xcodeproj; sourceTree = "<group>"; };
		16907939211770A400EE8147 /* CounterExample.swift */ = {isa = PBXFileReference; lastKnownFileType = sourcecode.swift; path = CounterExample.swift; sourceTree = "<group>"; };
/* End PBXFileReference section */

/* Begin PBXFrameworksBuildPhase section */
		16405DA920F36F4F006071CC /* Frameworks */ = {
			isa = PBXFrameworksBuildPhase;
			buildActionMask = 2147483647;
			files = (
				16405DE020F37035006071CC /* CoreRender.framework in Frameworks */,
			);
			runOnlyForDeploymentPostprocessing = 0;
		};
/* End PBXFrameworksBuildPhase section */

/* Begin PBXGroup section */
		16405DA320F36F4F006071CC = {
			isa = PBXGroup;
			children = (
				16405DD420F37015006071CC /* CoreRender.xcodeproj */,
				16405DAE20F36F4F006071CC /* CoreRenderDemo */,
				16405DAD20F36F4F006071CC /* Products */,
			);
			sourceTree = "<group>";
		};
		16405DAD20F36F4F006071CC /* Products */ = {
			isa = PBXGroup;
			children = (
				16405DAC20F36F4F006071CC /* CoreRenderDemo.app */,
			);
			name = Products;
			sourceTree = "<group>";
		};
		16405DAE20F36F4F006071CC /* CoreRenderDemo */ = {
			isa = PBXGroup;
			children = (
				16405DAF20F36F4F006071CC /* AppDelegate.swift */,
				16405DB120F36F4F006071CC /* ViewController.swift */,
				16907939211770A400EE8147 /* CounterExample.swift */,
				16405DB320F36F4F006071CC /* Main.storyboard */,
				16405DB620F36F50006071CC /* Assets.xcassets */,
				16405DB820F36F50006071CC /* LaunchScreen.storyboard */,
				16405DBB20F36F50006071CC /* Info.plist */,
			);
			path = CoreRenderDemo;
			sourceTree = "<group>";
		};
		16405DD520F37015006071CC /* Products */ = {
			isa = PBXGroup;
			children = (
				16405DDA20F37015006071CC /* CoreRender.framework */,
				16405DDC20F37015006071CC /* Test.xctest */,
			);
			name = Products;
			sourceTree = "<group>";
		};
/* End PBXGroup section */

/* Begin PBXNativeTarget section */
		16405DAB20F36F4F006071CC /* CoreRenderDemo */ = {
			isa = PBXNativeTarget;
			buildConfigurationList = 16405DBE20F36F50006071CC /* Build configuration list for PBXNativeTarget "CoreRenderDemo" */;
			buildPhases = (
				16405DA820F36F4F006071CC /* Sources */,
				16405DA920F36F4F006071CC /* Frameworks */,
				16405DAA20F36F4F006071CC /* Resources */,
				16405DE420F37035006071CC /* Embed Frameworks */,
			);
			buildRules = (
			);
			dependencies = (
				16405DE320F37035006071CC /* PBXTargetDependency */,
			);
			name = CoreRenderDemo;
			productName = CoreRenderDemo;
			productReference = 16405DAC20F36F4F006071CC /* CoreRenderDemo.app */;
			productType = "com.apple.product-type.application";
		};
/* End PBXNativeTarget section */

/* Begin PBXProject section */
		16405DA420F36F4F006071CC /* Project object */ = {
			isa = PBXProject;
			attributes = {
				LastSwiftUpdateCheck = 1000;
				LastUpgradeCheck = 1000;
				ORGANIZATIONNAME = "Alex Usbergo";
				TargetAttributes = {
					16405DAB20F36F4F006071CC = {
						CreatedOnToolsVersion = 10.0;
					};
				};
			};
			buildConfigurationList = 16405DA720F36F4F006071CC /* Build configuration list for PBXProject "CoreRenderDemo" */;
			compatibilityVersion = "Xcode 9.3";
			developmentRegion = en;
			hasScannedForEncodings = 0;
			knownRegions = (
				en,
				Base,
			);
			mainGroup = 16405DA320F36F4F006071CC;
			productRefGroup = 16405DAD20F36F4F006071CC /* Products */;
			projectDirPath = "";
			projectReferences = (
				{
					ProductGroup = 16405DD520F37015006071CC /* Products */;
					ProjectRef = 16405DD420F37015006071CC /* CoreRender.xcodeproj */;
				},
			);
			projectRoot = "";
			targets = (
				16405DAB20F36F4F006071CC /* CoreRenderDemo */,
			);
		};
/* End PBXProject section */

/* Begin PBXReferenceProxy section */
		16405DDA20F37015006071CC /* CoreRender.framework */ = {
			isa = PBXReferenceProxy;
			fileType = wrapper.framework;
			path = CoreRender.framework;
			remoteRef = 16405DD920F37015006071CC /* PBXContainerItemProxy */;
			sourceTree = BUILT_PRODUCTS_DIR;
		};
		16405DDC20F37015006071CC /* Test.xctest */ = {
			isa = PBXReferenceProxy;
			fileType = wrapper.cfbundle;
			path = Test.xctest;
			remoteRef = 16405DDB20F37015006071CC /* PBXContainerItemProxy */;
			sourceTree = BUILT_PRODUCTS_DIR;
		};
/* End PBXReferenceProxy section */

/* Begin PBXResourcesBuildPhase section */
		16405DAA20F36F4F006071CC /* Resources */ = {
			isa = PBXResourcesBuildPhase;
			buildActionMask = 2147483647;
			files = (
				16405DBA20F36F50006071CC /* LaunchScreen.storyboard in Resources */,
				16405DB720F36F50006071CC /* Assets.xcassets in Resources */,
				16405DB520F36F4F006071CC /* Main.storyboard in Resources */,
			);
			runOnlyForDeploymentPostprocessing = 0;
		};
/* End PBXResourcesBuildPhase section */

/* Begin PBXSourcesBuildPhase section */
		16405DA820F36F4F006071CC /* Sources */ = {
			isa = PBXSourcesBuildPhase;
			buildActionMask = 2147483647;
			files = (
				16405DB220F36F4F006071CC /* ViewController.swift in Sources */,
				1690793A211770A400EE8147 /* CounterExample.swift in Sources */,
				16405DB020F36F4F006071CC /* AppDelegate.swift in Sources */,
			);
			runOnlyForDeploymentPostprocessing = 0;
		};
/* End PBXSourcesBuildPhase section */

/* Begin PBXTargetDependency section */
		16405DE320F37035006071CC /* PBXTargetDependency */ = {
			isa = PBXTargetDependency;
			name = CoreRender;
			targetProxy = 16405DE220F37035006071CC /* PBXContainerItemProxy */;
		};
/* End PBXTargetDependency section */

/* Begin PBXVariantGroup section */
		16405DB320F36F4F006071CC /* Main.storyboard */ = {
			isa = PBXVariantGroup;
			children = (
				16405DB420F36F4F006071CC /* Base */,
			);
			name = Main.storyboard;
			sourceTree = "<group>";
		};
		16405DB820F36F50006071CC /* LaunchScreen.storyboard */ = {
			isa = PBXVariantGroup;
			children = (
				16405DB920F36F50006071CC /* Base */,
			);
			name = LaunchScreen.storyboard;
			sourceTree = "<group>";
		};
/* End PBXVariantGroup section */

/* Begin XCBuildConfiguration section */
		16405DBC20F36F50006071CC /* Debug */ = {
			isa = XCBuildConfiguration;
			buildSettings = {
				ALWAYS_SEARCH_USER_PATHS = NO;
				CLANG_ANALYZER_NONNULL = YES;
				CLANG_ANALYZER_NUMBER_OBJECT_CONVERSION = YES_AGGRESSIVE;
				CLANG_CXX_LANGUAGE_STANDARD = "gnu++14";
				CLANG_CXX_LIBRARY = "libc++";
				CLANG_ENABLE_MODULES = YES;
				CLANG_ENABLE_OBJC_ARC = YES;
				CLANG_ENABLE_OBJC_WEAK = YES;
				CLANG_WARN_BLOCK_CAPTURE_AUTORELEASING = YES;
				CLANG_WARN_BOOL_CONVERSION = YES;
				CLANG_WARN_COMMA = YES;
				CLANG_WARN_CONSTANT_CONVERSION = YES;
				CLANG_WARN_DEPRECATED_OBJC_IMPLEMENTATIONS = YES;
				CLANG_WARN_DIRECT_OBJC_ISA_USAGE = YES_ERROR;
				CLANG_WARN_DOCUMENTATION_COMMENTS = YES;
				CLANG_WARN_EMPTY_BODY = YES;
				CLANG_WARN_ENUM_CONVERSION = YES;
				CLANG_WARN_INFINITE_RECURSION = YES;
				CLANG_WARN_INT_CONVERSION = YES;
				CLANG_WARN_NON_LITERAL_NULL_CONVERSION = YES;
				CLANG_WARN_OBJC_IMPLICIT_RETAIN_SELF = YES;
				CLANG_WARN_OBJC_LITERAL_CONVERSION = YES;
				CLANG_WARN_OBJC_ROOT_CLASS = YES_ERROR;
				CLANG_WARN_RANGE_LOOP_ANALYSIS = YES;
				CLANG_WARN_STRICT_PROTOTYPES = YES;
				CLANG_WARN_SUSPICIOUS_MOVE = YES;
				CLANG_WARN_UNGUARDED_AVAILABILITY = YES_AGGRESSIVE;
				CLANG_WARN_UNREACHABLE_CODE = YES;
				CLANG_WARN__DUPLICATE_METHOD_MATCH = YES;
				CODE_SIGN_IDENTITY = "iPhone Developer";
				COPY_PHASE_STRIP = NO;
				DEBUG_INFORMATION_FORMAT = dwarf;
				ENABLE_STRICT_OBJC_MSGSEND = YES;
				ENABLE_TESTABILITY = YES;
				GCC_C_LANGUAGE_STANDARD = gnu11;
				GCC_DYNAMIC_NO_PIC = NO;
				GCC_NO_COMMON_BLOCKS = YES;
				GCC_OPTIMIZATION_LEVEL = 0;
				GCC_PREPROCESSOR_DEFINITIONS = (
					"DEBUG=1",
					"$(inherited)",
				);
				GCC_WARN_64_TO_32_BIT_CONVERSION = YES;
				GCC_WARN_ABOUT_RETURN_TYPE = YES_ERROR;
				GCC_WARN_UNDECLARED_SELECTOR = YES;
				GCC_WARN_UNINITIALIZED_AUTOS = YES_AGGRESSIVE;
				GCC_WARN_UNUSED_FUNCTION = YES;
				GCC_WARN_UNUSED_VARIABLE = YES;
				IPHONEOS_DEPLOYMENT_TARGET = 12.0;
				MTL_ENABLE_DEBUG_INFO = INCLUDE_SOURCE;
				ONLY_ACTIVE_ARCH = YES;
				SDKROOT = iphoneos;
				SWIFT_ACTIVE_COMPILATION_CONDITIONS = DEBUG;
				SWIFT_OPTIMIZATION_LEVEL = "-Onone";
			};
			name = Debug;
		};
		16405DBD20F36F50006071CC /* Release */ = {
			isa = XCBuildConfiguration;
			buildSettings = {
				ALWAYS_SEARCH_USER_PATHS = NO;
				CLANG_ANALYZER_NONNULL = YES;
				CLANG_ANALYZER_NUMBER_OBJECT_CONVERSION = YES_AGGRESSIVE;
				CLANG_CXX_LANGUAGE_STANDARD = "gnu++14";
				CLANG_CXX_LIBRARY = "libc++";
				CLANG_ENABLE_MODULES = YES;
				CLANG_ENABLE_OBJC_ARC = YES;
				CLANG_ENABLE_OBJC_WEAK = YES;
				CLANG_WARN_BLOCK_CAPTURE_AUTORELEASING = YES;
				CLANG_WARN_BOOL_CONVERSION = YES;
				CLANG_WARN_COMMA = YES;
				CLANG_WARN_CONSTANT_CONVERSION = YES;
				CLANG_WARN_DEPRECATED_OBJC_IMPLEMENTATIONS = YES;
				CLANG_WARN_DIRECT_OBJC_ISA_USAGE = YES_ERROR;
				CLANG_WARN_DOCUMENTATION_COMMENTS = YES;
				CLANG_WARN_EMPTY_BODY = YES;
				CLANG_WARN_ENUM_CONVERSION = YES;
				CLANG_WARN_INFINITE_RECURSION = YES;
				CLANG_WARN_INT_CONVERSION = YES;
				CLANG_WARN_NON_LITERAL_NULL_CONVERSION = YES;
				CLANG_WARN_OBJC_IMPLICIT_RETAIN_SELF = YES;
				CLANG_WARN_OBJC_LITERAL_CONVERSION = YES;
				CLANG_WARN_OBJC_ROOT_CLASS = YES_ERROR;
				CLANG_WARN_RANGE_LOOP_ANALYSIS = YES;
				CLANG_WARN_STRICT_PROTOTYPES = YES;
				CLANG_WARN_SUSPICIOUS_MOVE = YES;
				CLANG_WARN_UNGUARDED_AVAILABILITY = YES_AGGRESSIVE;
				CLANG_WARN_UNREACHABLE_CODE = YES;
				CLANG_WARN__DUPLICATE_METHOD_MATCH = YES;
				CODE_SIGN_IDENTITY = "iPhone Developer";
				COPY_PHASE_STRIP = NO;
				DEBUG_INFORMATION_FORMAT = "dwarf-with-dsym";
				ENABLE_NS_ASSERTIONS = NO;
				ENABLE_STRICT_OBJC_MSGSEND = YES;
				GCC_C_LANGUAGE_STANDARD = gnu11;
				GCC_NO_COMMON_BLOCKS = YES;
				GCC_WARN_64_TO_32_BIT_CONVERSION = YES;
				GCC_WARN_ABOUT_RETURN_TYPE = YES_ERROR;
				GCC_WARN_UNDECLARED_SELECTOR = YES;
				GCC_WARN_UNINITIALIZED_AUTOS = YES_AGGRESSIVE;
				GCC_WARN_UNUSED_FUNCTION = YES;
				GCC_WARN_UNUSED_VARIABLE = YES;
				IPHONEOS_DEPLOYMENT_TARGET = 12.0;
				MTL_ENABLE_DEBUG_INFO = NO;
				SDKROOT = iphoneos;
				SWIFT_COMPILATION_MODE = wholemodule;
				SWIFT_OPTIMIZATION_LEVEL = "-O";
				VALIDATE_PRODUCT = YES;
			};
			name = Release;
		};
		16405DBF20F36F50006071CC /* Debug */ = {
			isa = XCBuildConfiguration;
			buildSettings = {
				ALWAYS_EMBED_SWIFT_STANDARD_LIBRARIES = YES;
				ASSETCATALOG_COMPILER_APPICON_NAME = AppIcon;
				CODE_SIGN_STYLE = Automatic;
				INFOPLIST_FILE = CoreRenderDemo/Info.plist;
				LD_RUNPATH_SEARCH_PATHS = (
					"$(inherited)",
					"@executable_path/Frameworks",
				);
				PRODUCT_BUNDLE_IDENTIFIER = io.alexdrone.CoreRenderDemo;
				PRODUCT_NAME = "$(TARGET_NAME)";
				SWIFT_VERSION = 4.2;
				TARGETED_DEVICE_FAMILY = "1,2";
			};
			name = Debug;
		};
		16405DC020F36F50006071CC /* Release */ = {
			isa = XCBuildConfiguration;
			buildSettings = {
				ALWAYS_EMBED_SWIFT_STANDARD_LIBRARIES = YES;
				ASSETCATALOG_COMPILER_APPICON_NAME = AppIcon;
				CODE_SIGN_STYLE = Automatic;
				INFOPLIST_FILE = CoreRenderDemo/Info.plist;
				LD_RUNPATH_SEARCH_PATHS = (
					"$(inherited)",
					"@executable_path/Frameworks",
				);
				PRODUCT_BUNDLE_IDENTIFIER = io.alexdrone.CoreRenderDemo;
				PRODUCT_NAME = "$(TARGET_NAME)";
				SWIFT_VERSION = 4.2;
				TARGETED_DEVICE_FAMILY = "1,2";
			};
			name = Release;
		};
/* End XCBuildConfiguration section */

/* Begin XCConfigurationList section */
		16405DA720F36F4F006071CC /* Build configuration list for PBXProject "CoreRenderDemo" */ = {
			isa = XCConfigurationList;
			buildConfigurations = (
				16405DBC20F36F50006071CC /* Debug */,
				16405DBD20F36F50006071CC /* Release */,
			);
			defaultConfigurationIsVisible = 0;
			defaultConfigurationName = Release;
		};
		16405DBE20F36F50006071CC /* Build configuration list for PBXNativeTarget "CoreRenderDemo" */ = {
			isa = XCConfigurationList;
			buildConfigurations = (
				16405DBF20F36F50006071CC /* Debug */,
				16405DC020F36F50006071CC /* Release */,
			);
			defaultConfigurationIsVisible = 0;
			defaultConfigurationName = Release;
		};
/* End XCConfigurationList section */
	};
	rootObject = 16405DA420F36F4F006071CC /* Project object */;
}
