{
  "object": {
    "pins": [
      {
        "package": "Render",
        "repositoryURL": "https://github.com/alexdrone/Render",
        "state": {
          "branch": "master",
          "revision": "e43a8a7c089756f400a39996c71c889ff248c4be",
          "version": null
        }
      }
    ]
  },
  "version": 1
}
