{
  "object": {
    "pins": [
      {
        "package": "Render",
        "repositoryURL": "https://github.com/alexdrone/Render",
        "state": {
          "branch": "master",
          "revision": "61ab8a41ff34c43a1a3b5e62d96e882c531af269",
          "version": null
        }
      }
    ]
  },
  "version": 1
}
