{
  "object": {
    "pins": [
      {
        "package": "Render",
        "repositoryURL": "https://github.com/alexdrone/Render",
        "state": {
          "branch": "master",
          "revision": "d67120431c8f9d3bb94b40accf805285f53fd56a",
          "version": null
        }
      }
    ]
  },
  "version": 1
}
